[[package]]
category = "main"
description = "Async http client/server framework (asyncio)"
name = "aiohttp"
optional = false
python-versions = ">=3.5.3"
version = "3.6.2"

[package.dependencies]
async-timeout = ">=3.0,<4.0"
attrs = ">=17.3.0"
chardet = ">=2.0,<4.0"
multidict = ">=4.5,<5.0"
yarl = ">=1.0,<2.0"

[package.dependencies.idna-ssl]
python = "<3.7"
version = ">=1.0"

[package.dependencies.typing-extensions]
python = "<3.7"
version = ">=3.6.5"

[package.extras]
speedups = ["aiodns", "brotlipy", "cchardet"]

[[package]]
category = "main"
description = "Timeout context manager for asyncio programs"
name = "async-timeout"
optional = false
python-versions = ">=3.5.3"
version = "3.0.1"

[[package]]
category = "main"
description = "Classes Without Boilerplate"
name = "attrs"
optional = false
python-versions = ">=2.7, !=3.0.*, !=3.1.*, !=3.2.*, !=3.3.*"
version = "20.1.0"

[package.extras]
dev = ["coverage (>=5.0.2)", "hypothesis", "pympler", "pytest (>=4.3.0)", "six", "zope.interface", "sphinx", "sphinx-rtd-theme", "pre-commit"]
docs = ["sphinx", "sphinx-rtd-theme", "zope.interface"]
tests = ["coverage (>=5.0.2)", "hypothesis", "pympler", "pytest (>=4.3.0)", "six", "zope.interface"]

[[package]]
category = "main"
description = "Universal encoding detector for Python 2 and 3"
name = "chardet"
optional = false
python-versions = "*"
version = "3.0.4"

[[package]]
category = "main"
description = "PEP 567 Backport"
marker = "python_version < \"3.7\""
name = "contextvars"
optional = false
python-versions = "*"
version = "2.4"

[package.dependencies]
immutables = ">=0.9"

[[package]]
category = "main"
description = "A backport of the dataclasses module for Python 3.6"
marker = "python_version < \"3.7\""
name = "dataclasses"
optional = false
python-versions = "*"
version = "0.6"

[[package]]
category = "dev"
description = "Dev tools for python"
name = "devtools"
optional = false
python-versions = ">=3.5"
version = "0.5.1"

[package.extras]
pygments = ["Pygments (>=2.2.0)"]

[[package]]
category = "main"
description = "a highly customizable, elegantly designed event system based on asyncio"
name = "graia-broadcast"
optional = false
python-versions = ">=3.6,<4.0"
version = "0.1.4"

[package.dependencies]
iterwrapper = ">=0.1.2,<0.2.0"
pydantic = ">=1.5.1,<2.0.0"

[[package]]
category = "main"
description = "Internationalized Domain Names in Applications (IDNA)"
name = "idna"
optional = false
python-versions = ">=2.7, !=3.0.*, !=3.1.*, !=3.2.*, !=3.3.*"
version = "2.10"

[[package]]
category = "main"
description = "Patch ssl.match_hostname for Unicode(idna) domains support"
marker = "python_version < \"3.7\""
name = "idna-ssl"
optional = false
python-versions = "*"
version = "1.1.0"

[package.dependencies]
idna = ">=2.0"

[[package]]
category = "main"
description = "Immutable Collections"
marker = "python_version < \"3.7\""
name = "immutables"
optional = false
python-versions = ">=3.5"
version = "0.14"

[[package]]
category = "main"
description = "A wrapper for FP style iterator manipulation"
name = "iterwrapper"
optional = false
python-versions = ">=3.6"
version = "0.1.4"

[[package]]
category = "main"
description = "multidict implementation"
name = "multidict"
optional = false
python-versions = ">=3.5"
version = "4.7.6"

[[package]]
category = "main"
description = "Data validation and settings management using python 3.6 type hinting"
name = "pydantic"
optional = false
python-versions = ">=3.6"
version = "1.6.1"

[package.dependencies]
[package.dependencies.dataclasses]
python = "<3.7"
version = ">=0.6"

[package.extras]
dotenv = ["python-dotenv (>=0.10.4)"]
email = ["email-validator (>=1.0.3)"]
typing_extensions = ["typing-extensions (>=3.7.2)"]

[[package]]
category = "main"
description = "Alternative regular expression module, to replace re."
name = "regex"
optional = false
python-versions = "*"
version = "2020.7.14"

[[package]]
category = "main"
description = "String case converter."
name = "stringcase"
optional = false
python-versions = "*"
version = "1.2.0"

[[package]]
category = "main"
description = "Backported and Experimental Type Hints for Python 3.5+"
marker = "python_version < \"3.8\""
name = "typing-extensions"
optional = false
python-versions = "*"
version = "3.7.4.3"

[[package]]
category = "main"
description = "Yet another URL library"
name = "yarl"
optional = false
python-versions = ">=3.5"
version = "1.5.1"

[package.dependencies]
idna = ">=2.0"
multidict = ">=4.0"

[package.dependencies.typing-extensions]
python = "<3.8"
version = ">=3.7.4"

[metadata]
content-hash = "094b632ffb7e2190226651729a7dae36a60343b009e8a8b1d409c4a1bd14a97a"
python-versions = "^3.6"

[metadata.files]
aiohttp = [
    {file = "aiohttp-3.6.2-cp35-cp35m-macosx_10_13_x86_64.whl", hash = "sha256:1e984191d1ec186881ffaed4581092ba04f7c61582a177b187d3a2f07ed9719e"},
    {file = "aiohttp-3.6.2-cp35-cp35m-manylinux1_x86_64.whl", hash = "sha256:50aaad128e6ac62e7bf7bd1f0c0a24bc968a0c0590a726d5a955af193544bcec"},
    {file = "aiohttp-3.6.2-cp36-cp36m-macosx_10_13_x86_64.whl", hash = "sha256:65f31b622af739a802ca6fd1a3076fd0ae523f8485c52924a89561ba10c49b48"},
    {file = "aiohttp-3.6.2-cp36-cp36m-manylinux1_x86_64.whl", hash = "sha256:ae55bac364c405caa23a4f2d6cfecc6a0daada500274ffca4a9230e7129eac59"},
    {file = "aiohttp-3.6.2-cp36-cp36m-win32.whl", hash = "sha256:344c780466b73095a72c616fac5ea9c4665add7fc129f285fbdbca3cccf4612a"},
    {file = "aiohttp-3.6.2-cp36-cp36m-win_amd64.whl", hash = "sha256:4c6efd824d44ae697814a2a85604d8e992b875462c6655da161ff18fd4f29f17"},
    {file = "aiohttp-3.6.2-cp37-cp37m-macosx_10_13_x86_64.whl", hash = "sha256:2f4d1a4fdce595c947162333353d4a44952a724fba9ca3205a3df99a33d1307a"},
    {file = "aiohttp-3.6.2-cp37-cp37m-manylinux1_x86_64.whl", hash = "sha256:6206a135d072f88da3e71cc501c59d5abffa9d0bb43269a6dcd28d66bfafdbdd"},
    {file = "aiohttp-3.6.2-cp37-cp37m-win32.whl", hash = "sha256:b778ce0c909a2653741cb4b1ac7015b5c130ab9c897611df43ae6a58523cb965"},
    {file = "aiohttp-3.6.2-cp37-cp37m-win_amd64.whl", hash = "sha256:32e5f3b7e511aa850829fbe5aa32eb455e5534eaa4b1ce93231d00e2f76e5654"},
    {file = "aiohttp-3.6.2-py3-none-any.whl", hash = "sha256:460bd4237d2dbecc3b5ed57e122992f60188afe46e7319116da5eb8a9dfedba4"},
    {file = "aiohttp-3.6.2.tar.gz", hash = "sha256:259ab809ff0727d0e834ac5e8a283dc5e3e0ecc30c4d80b3cd17a4139ce1f326"},
]
async-timeout = [
    {file = "async-timeout-3.0.1.tar.gz", hash = "sha256:0c3c816a028d47f659d6ff5c745cb2acf1f966da1fe5c19c77a70282b25f4c5f"},
    {file = "async_timeout-3.0.1-py3-none-any.whl", hash = "sha256:4291ca197d287d274d0b6cb5d6f8f8f82d434ed288f962539ff18cc9012f9ea3"},
]
attrs = [
    {file = "attrs-20.1.0-py2.py3-none-any.whl", hash = "sha256:2867b7b9f8326499ab5b0e2d12801fa5c98842d2cbd22b35112ae04bf85b4dff"},
    {file = "attrs-20.1.0.tar.gz", hash = "sha256:0ef97238856430dcf9228e07f316aefc17e8939fc8507e18c6501b761ef1a42a"},
]
chardet = [
    {file = "chardet-3.0.4-py2.py3-none-any.whl", hash = "sha256:fc323ffcaeaed0e0a02bf4d117757b98aed530d9ed4531e3e15460124c106691"},
    {file = "chardet-3.0.4.tar.gz", hash = "sha256:84ab92ed1c4d4f16916e05906b6b75a6c0fb5db821cc65e70cbd64a3e2a5eaae"},
]
contextvars = [
    {file = "contextvars-2.4.tar.gz", hash = "sha256:f38c908aaa59c14335eeea12abea5f443646216c4e29380d7bf34d2018e2c39e"},
]
dataclasses = [
    {file = "dataclasses-0.6-py3-none-any.whl", hash = "sha256:454a69d788c7fda44efd71e259be79577822f5e3f53f029a22d08004e951dc9f"},
    {file = "dataclasses-0.6.tar.gz", hash = "sha256:6988bd2b895eef432d562370bb707d540f32f7360ab13da45340101bc2307d84"},
]
devtools = [
    {file = "devtools-0.5.1-py35.py36-none-any.whl", hash = "sha256:7a1f7db6ade0a71840ca4014d75dd72390aed2ef04e39e2b2445af7b3a3f4679"},
    {file = "devtools-0.5.1.tar.gz", hash = "sha256:51ca8d2e15b8a862875a4837db2bafbc6cda409c069e960aec3f4bbd91fe9c08"},
]
graia-broadcast = [
    {file = "graia-broadcast-0.1.4.tar.gz", hash = "sha256:7b18d7b8e3c63248b5d959869028919ddea154452423617a3f775418427733a9"},
    {file = "graia_broadcast-0.1.4-py3-none-any.whl", hash = "sha256:583bb55c234734d7517cf59c69c0f8fd29b9be2ebd65b4f3efb4a6cccdf9aa64"},
]
idna = [
    {file = "idna-2.10-py2.py3-none-any.whl", hash = "sha256:b97d804b1e9b523befed77c48dacec60e6dcb0b5391d57af6a65a312a90648c0"},
    {file = "idna-2.10.tar.gz", hash = "sha256:b307872f855b18632ce0c21c5e45be78c0ea7ae4c15c828c20788b26921eb3f6"},
]
idna-ssl = [
    {file = "idna-ssl-1.1.0.tar.gz", hash = "sha256:a933e3bb13da54383f9e8f35dc4f9cb9eb9b3b78c6b36f311254d6d0d92c6c7c"},
]
immutables = [
    {file = "immutables-0.14-cp35-cp35m-macosx_10_14_x86_64.whl", hash = "sha256:860666fab142401a5535bf65cbd607b46bc5ed25b9d1eb053ca8ed9a1a1a80d6"},
    {file = "immutables-0.14-cp35-cp35m-manylinux1_x86_64.whl", hash = "sha256:ce01788878827c3f0331c254a4ad8d9721489a5e65cc43e19c80040b46e0d297"},
    {file = "immutables-0.14-cp36-cp36m-macosx_10_14_x86_64.whl", hash = "sha256:8797eed4042f4626b0bc04d9cf134208918eb0c937a8193a2c66df5041e62d2e"},
    {file = "immutables-0.14-cp36-cp36m-manylinux1_x86_64.whl", hash = "sha256:33ce2f977da7b5e0dddd93744862404bdb316ffe5853ec853e53141508fa2e6a"},
    {file = "immutables-0.14-cp36-cp36m-win_amd64.whl", hash = "sha256:6c8eace4d98988c72bcb37c05e79aae756832738305ae9497670482a82db08bc"},
    {file = "immutables-0.14-cp37-cp37m-macosx_10_14_x86_64.whl", hash = "sha256:ab6c18b7b2b2abc83e0edc57b0a38bf0915b271582a1eb8c7bed1c20398f8040"},
    {file = "immutables-0.14-cp37-cp37m-manylinux1_x86_64.whl", hash = "sha256:c099212fd6504513a50e7369fe281007c820cf9d7bb22a336486c63d77d6f0b2"},
    {file = "immutables-0.14-cp37-cp37m-win_amd64.whl", hash = "sha256:714aedbdeba4439d91cb5e5735cb10631fc47a7a69ea9cc8ecbac90322d50a4a"},
    {file = "immutables-0.14-cp38-cp38-macosx_10_14_x86_64.whl", hash = "sha256:1c11050c49e193a1ec9dda1747285333f6ba6a30bbeb2929000b9b1192097ec0"},
    {file = "immutables-0.14-cp38-cp38-manylinux1_x86_64.whl", hash = "sha256:c453e12b95e1d6bb4909e8743f88b7f5c0c97b86a8bc0d73507091cb644e3c1e"},
    {file = "immutables-0.14-cp38-cp38-win_amd64.whl", hash = "sha256:ef9da20ec0f1c5853b5c8f8e3d9e1e15b8d98c259de4b7515d789a606af8745e"},
    {file = "immutables-0.14.tar.gz", hash = "sha256:a0a1cc238b678455145bae291d8426f732f5255537ed6a5b7645949704c70a78"},
]
iterwrapper = [
    {file = "iterwrapper-0.1.4-py3-none-any.whl", hash = "sha256:a3296d81fa2e558734f572617487fb6be3e2af12af2776899dd29d2154ffdba5"},
    {file = "iterwrapper-0.1.4.tar.gz", hash = "sha256:f2dd1e5a55935a0ce151912524de1781d2aa9cb1fda3e2424fb403ff857f63d9"},
]
multidict = [
    {file = "multidict-4.7.6-cp35-cp35m-macosx_10_14_x86_64.whl", hash = "sha256:275ca32383bc5d1894b6975bb4ca6a7ff16ab76fa622967625baeebcf8079000"},
    {file = "multidict-4.7.6-cp35-cp35m-manylinux1_x86_64.whl", hash = "sha256:1ece5a3369835c20ed57adadc663400b5525904e53bae59ec854a5d36b39b21a"},
    {file = "multidict-4.7.6-cp35-cp35m-win32.whl", hash = "sha256:5141c13374e6b25fe6bf092052ab55c0c03d21bd66c94a0e3ae371d3e4d865a5"},
    {file = "multidict-4.7.6-cp35-cp35m-win_amd64.whl", hash = "sha256:9456e90649005ad40558f4cf51dbb842e32807df75146c6d940b6f5abb4a78f3"},
    {file = "multidict-4.7.6-cp36-cp36m-macosx_10_14_x86_64.whl", hash = "sha256:e0d072ae0f2a179c375f67e3da300b47e1a83293c554450b29c900e50afaae87"},
    {file = "multidict-4.7.6-cp36-cp36m-manylinux1_x86_64.whl", hash = "sha256:3750f2205b800aac4bb03b5ae48025a64e474d2c6cc79547988ba1d4122a09e2"},
    {file = "multidict-4.7.6-cp36-cp36m-win32.whl", hash = "sha256:f07acae137b71af3bb548bd8da720956a3bc9f9a0b87733e0899226a2317aeb7"},
    {file = "multidict-4.7.6-cp36-cp36m-win_amd64.whl", hash = "sha256:6513728873f4326999429a8b00fc7ceddb2509b01d5fd3f3be7881a257b8d463"},
    {file = "multidict-4.7.6-cp37-cp37m-macosx_10_14_x86_64.whl", hash = "sha256:feed85993dbdb1dbc29102f50bca65bdc68f2c0c8d352468c25b54874f23c39d"},
    {file = "multidict-4.7.6-cp37-cp37m-manylinux1_x86_64.whl", hash = "sha256:fcfbb44c59af3f8ea984de67ec7c306f618a3ec771c2843804069917a8f2e255"},
    {file = "multidict-4.7.6-cp37-cp37m-win32.whl", hash = "sha256:4538273208e7294b2659b1602490f4ed3ab1c8cf9dbdd817e0e9db8e64be2507"},
    {file = "multidict-4.7.6-cp37-cp37m-win_amd64.whl", hash = "sha256:d14842362ed4cf63751648e7672f7174c9818459d169231d03c56e84daf90b7c"},
    {file = "multidict-4.7.6-cp38-cp38-macosx_10_14_x86_64.whl", hash = "sha256:c026fe9a05130e44157b98fea3ab12969e5b60691a276150db9eda71710cd10b"},
    {file = "multidict-4.7.6-cp38-cp38-manylinux1_x86_64.whl", hash = "sha256:51a4d210404ac61d32dada00a50ea7ba412e6ea945bbe992e4d7a595276d2ec7"},
    {file = "multidict-4.7.6-cp38-cp38-win32.whl", hash = "sha256:5cf311a0f5ef80fe73e4f4c0f0998ec08f954a6ec72b746f3c179e37de1d210d"},
    {file = "multidict-4.7.6-cp38-cp38-win_amd64.whl", hash = "sha256:7388d2ef3c55a8ba80da62ecfafa06a1c097c18032a501ffd4cabbc52d7f2b19"},
    {file = "multidict-4.7.6.tar.gz", hash = "sha256:fbb77a75e529021e7c4a8d4e823d88ef4d23674a202be4f5addffc72cbb91430"},
]
pydantic = [
    {file = "pydantic-1.6.1-cp36-cp36m-macosx_10_9_x86_64.whl", hash = "sha256:418b84654b60e44c0cdd5384294b0e4bc1ebf42d6e873819424f3b78b8690614"},
    {file = "pydantic-1.6.1-cp36-cp36m-manylinux1_i686.whl", hash = "sha256:4900b8820b687c9a3ed753684337979574df20e6ebe4227381d04b3c3c628f99"},
    {file = "pydantic-1.6.1-cp36-cp36m-manylinux2014_i686.whl", hash = "sha256:b49c86aecde15cde33835d5d6360e55f5e0067bb7143a8303bf03b872935c75b"},
    {file = "pydantic-1.6.1-cp36-cp36m-manylinux2014_x86_64.whl", hash = "sha256:2de562a456c4ecdc80cf1a8c3e70c666625f7d02d89a6174ecf63754c734592e"},
    {file = "pydantic-1.6.1-cp36-cp36m-win_amd64.whl", hash = "sha256:f769141ab0abfadf3305d4fcf36660e5cf568a666dd3efab7c3d4782f70946b1"},
    {file = "pydantic-1.6.1-cp37-cp37m-macosx_10_9_x86_64.whl", hash = "sha256:2dc946b07cf24bee4737ced0ae77e2ea6bc97489ba5a035b603bd1b40ad81f7e"},
    {file = "pydantic-1.6.1-cp37-cp37m-manylinux1_i686.whl", hash = "sha256:36dbf6f1be212ab37b5fda07667461a9219c956181aa5570a00edfb0acdfe4a1"},
    {file = "pydantic-1.6.1-cp37-cp37m-manylinux2014_i686.whl", hash = "sha256:1783c1d927f9e1366e0e0609ae324039b2479a1a282a98ed6a6836c9ed02002c"},
    {file = "pydantic-1.6.1-cp37-cp37m-manylinux2014_x86_64.whl", hash = "sha256:cf3933c98cb5e808b62fae509f74f209730b180b1e3c3954ee3f7949e083a7df"},
    {file = "pydantic-1.6.1-cp37-cp37m-win_amd64.whl", hash = "sha256:f8af9b840a9074e08c0e6dc93101de84ba95df89b267bf7151d74c553d66833b"},
    {file = "pydantic-1.6.1-cp38-cp38-macosx_10_9_x86_64.whl", hash = "sha256:40d765fa2d31d5be8e29c1794657ad46f5ee583a565c83cea56630d3ae5878b9"},
    {file = "pydantic-1.6.1-cp38-cp38-manylinux1_i686.whl", hash = "sha256:3fa799f3cfff3e5f536cbd389368fc96a44bb30308f258c94ee76b73bd60531d"},
    {file = "pydantic-1.6.1-cp38-cp38-manylinux2014_i686.whl", hash = "sha256:6c3f162ba175678218629f446a947e3356415b6b09122dcb364e58c442c645a7"},
    {file = "pydantic-1.6.1-cp38-cp38-manylinux2014_x86_64.whl", hash = "sha256:eb75dc1809875d5738df14b6566ccf9fd9c0bcde4f36b72870f318f16b9f5c20"},
    {file = "pydantic-1.6.1-cp38-cp38-win_amd64.whl", hash = "sha256:530d7222a2786a97bc59ee0e0ebbe23728f82974b1f1ad9a11cd966143410633"},
    {file = "pydantic-1.6.1-py36.py37.py38-none-any.whl", hash = "sha256:b5b3489cb303d0f41ad4a7390cf606a5f2c7a94dcba20c051cd1c653694cb14d"},
    {file = "pydantic-1.6.1.tar.gz", hash = "sha256:54122a8ed6b75fe1dd80797f8251ad2063ea348a03b77218d73ea9fe19bd4e73"},
]
regex = [
    {file = "regex-2020.7.14-cp27-cp27m-win32.whl", hash = "sha256:e46d13f38cfcbb79bfdb2964b0fe12561fe633caf964a77a5f8d4e45fe5d2ef7"},
    {file = "regex-2020.7.14-cp27-cp27m-win_amd64.whl", hash = "sha256:6961548bba529cac7c07af2fd4d527c5b91bb8fe18995fed6044ac22b3d14644"},
    {file = "regex-2020.7.14-cp36-cp36m-manylinux1_i686.whl", hash = "sha256:c50a724d136ec10d920661f1442e4a8b010a4fe5aebd65e0c2241ea41dbe93dc"},
    {file = "regex-2020.7.14-cp36-cp36m-manylinux1_x86_64.whl", hash = "sha256:8a51f2c6d1f884e98846a0a9021ff6861bdb98457879f412fdc2b42d14494067"},
    {file = "regex-2020.7.14-cp36-cp36m-manylinux2010_i686.whl", hash = "sha256:9c568495e35599625f7b999774e29e8d6b01a6fb684d77dee1f56d41b11b40cd"},
    {file = "regex-2020.7.14-cp36-cp36m-manylinux2010_x86_64.whl", hash = "sha256:51178c738d559a2d1071ce0b0f56e57eb315bcf8f7d4cf127674b533e3101f88"},
    {file = "regex-2020.7.14-cp36-cp36m-win32.whl", hash = "sha256:9eddaafb3c48e0900690c1727fba226c4804b8e6127ea409689c3bb492d06de4"},
    {file = "regex-2020.7.14-cp36-cp36m-win_amd64.whl", hash = "sha256:14a53646369157baa0499513f96091eb70382eb50b2c82393d17d7ec81b7b85f"},
    {file = "regex-2020.7.14-cp37-cp37m-manylinux1_i686.whl", hash = "sha256:1269fef3167bb52631ad4fa7dd27bf635d5a0790b8e6222065d42e91bede4162"},
    {file = "regex-2020.7.14-cp37-cp37m-manylinux1_x86_64.whl", hash = "sha256:d0a5095d52b90ff38592bbdc2644f17c6d495762edf47d876049cfd2968fbccf"},
    {file = "regex-2020.7.14-cp37-cp37m-manylinux2010_i686.whl", hash = "sha256:4c037fd14c5f4e308b8370b447b469ca10e69427966527edcab07f52d88388f7"},
    {file = "regex-2020.7.14-cp37-cp37m-manylinux2010_x86_64.whl", hash = "sha256:bc3d98f621898b4a9bc7fecc00513eec8f40b5b83913d74ccb445f037d58cd89"},
    {file = "regex-2020.7.14-cp37-cp37m-win32.whl", hash = "sha256:46bac5ca10fb748d6c55843a931855e2727a7a22584f302dd9bb1506e69f83f6"},
    {file = "regex-2020.7.14-cp37-cp37m-win_amd64.whl", hash = "sha256:0dc64ee3f33cd7899f79a8d788abfbec168410be356ed9bd30bbd3f0a23a7204"},
    {file = "regex-2020.7.14-cp38-cp38-manylinux1_i686.whl", hash = "sha256:5ea81ea3dbd6767873c611687141ec7b06ed8bab43f68fad5b7be184a920dc99"},
    {file = "regex-2020.7.14-cp38-cp38-manylinux1_x86_64.whl", hash = "sha256:bbb332d45b32df41200380fff14712cb6093b61bd142272a10b16778c418e98e"},
    {file = "regex-2020.7.14-cp38-cp38-manylinux2010_i686.whl", hash = "sha256:c11d6033115dc4887c456565303f540c44197f4fc1a2bfb192224a301534888e"},
    {file = "regex-2020.7.14-cp38-cp38-manylinux2010_x86_64.whl", hash = "sha256:75aaa27aa521a182824d89e5ab0a1d16ca207318a6b65042b046053cfc8ed07a"},
    {file = "regex-2020.7.14-cp38-cp38-win32.whl", hash = "sha256:d6cff2276e502b86a25fd10c2a96973fdb45c7a977dca2138d661417f3728341"},
    {file = "regex-2020.7.14-cp38-cp38-win_amd64.whl", hash = "sha256:7a2dd66d2d4df34fa82c9dc85657c5e019b87932019947faece7983f2089a840"},
    {file = "regex-2020.7.14.tar.gz", hash = "sha256:3a3af27a8d23143c49a3420efe5b3f8cf1a48c6fc8bc6856b03f638abc1833bb"},
]
stringcase = [
    {file = "stringcase-1.2.0.tar.gz", hash = "sha256:48a06980661908efe8d9d34eab2b6c13aefa2163b3ced26972902e3bdfd87008"},
]
typing-extensions = [
    {file = "typing_extensions-3.7.4.3-py2-none-any.whl", hash = "sha256:dafc7639cde7f1b6e1acc0f457842a83e722ccca8eef5270af2d74792619a89f"},
    {file = "typing_extensions-3.7.4.3-py3-none-any.whl", hash = "sha256:7cb407020f00f7bfc3cb3e7881628838e69d8f3fcab2f64742a5e76b2f841918"},
    {file = "typing_extensions-3.7.4.3.tar.gz", hash = "sha256:99d4073b617d30288f569d3f13d2bd7548c3a7e4c8de87db09a9d29bb3a4a60c"},
]
yarl = [
    {file = "yarl-1.5.1-cp35-cp35m-macosx_10_14_x86_64.whl", hash = "sha256:db6db0f45d2c63ddb1a9d18d1b9b22f308e52c83638c26b422d520a815c4b3fb"},
    {file = "yarl-1.5.1-cp35-cp35m-manylinux1_x86_64.whl", hash = "sha256:17668ec6722b1b7a3a05cc0167659f6c95b436d25a36c2d52db0eca7d3f72593"},
    {file = "yarl-1.5.1-cp35-cp35m-win32.whl", hash = "sha256:040b237f58ff7d800e6e0fd89c8439b841f777dd99b4a9cca04d6935564b9409"},
    {file = "yarl-1.5.1-cp35-cp35m-win_amd64.whl", hash = "sha256:f18d68f2be6bf0e89f1521af2b1bb46e66ab0018faafa81d70f358153170a317"},
    {file = "yarl-1.5.1-cp36-cp36m-macosx_10_14_x86_64.whl", hash = "sha256:c52ce2883dc193824989a9b97a76ca86ecd1fa7955b14f87bf367a61b6232511"},
    {file = "yarl-1.5.1-cp36-cp36m-manylinux1_x86_64.whl", hash = "sha256:ce584af5de8830d8701b8979b18fcf450cef9a382b1a3c8ef189bedc408faf1e"},
    {file = "yarl-1.5.1-cp36-cp36m-win32.whl", hash = "sha256:df89642981b94e7db5596818499c4b2219028f2a528c9c37cc1de45bf2fd3a3f"},
    {file = "yarl-1.5.1-cp36-cp36m-win_amd64.whl", hash = "sha256:3a584b28086bc93c888a6c2aa5c92ed1ae20932f078c46509a66dce9ea5533f2"},
    {file = "yarl-1.5.1-cp37-cp37m-macosx_10_14_x86_64.whl", hash = "sha256:da456eeec17fa8aa4594d9a9f27c0b1060b6a75f2419fe0c00609587b2695f4a"},
    {file = "yarl-1.5.1-cp37-cp37m-manylinux1_x86_64.whl", hash = "sha256:bc2f976c0e918659f723401c4f834deb8a8e7798a71be4382e024bcc3f7e23a8"},
    {file = "yarl-1.5.1-cp37-cp37m-win32.whl", hash = "sha256:4439be27e4eee76c7632c2427ca5e73703151b22cae23e64adb243a9c2f565d8"},
    {file = "yarl-1.5.1-cp37-cp37m-win_amd64.whl", hash = "sha256:48e918b05850fffb070a496d2b5f97fc31d15d94ca33d3d08a4f86e26d4e7c5d"},
    {file = "yarl-1.5.1-cp38-cp38-macosx_10_14_x86_64.whl", hash = "sha256:9b930776c0ae0c691776f4d2891ebc5362af86f152dd0da463a6614074cb1b02"},
    {file = "yarl-1.5.1-cp38-cp38-manylinux1_x86_64.whl", hash = "sha256:b3b9ad80f8b68519cc3372a6ca85ae02cc5a8807723ac366b53c0f089db19e4a"},
    {file = "yarl-1.5.1-cp38-cp38-win32.whl", hash = "sha256:f379b7f83f23fe12823085cd6b906edc49df969eb99757f58ff382349a3303c6"},
    {file = "yarl-1.5.1-cp38-cp38-win_amd64.whl", hash = "sha256:9102b59e8337f9874638fcfc9ac3734a0cfadb100e47d55c20d0dc6087fb4692"},
    {file = "yarl-1.5.1.tar.gz", hash = "sha256:c22c75b5f394f3d47105045ea551e08a3e804dc7e01b37800ca35b58f856c3d6"},
]
