[[package]]
name = "aiohttp"
version = "3.7.0"
description = "Async http client/server framework (asyncio)"
category = "main"
optional = false
python-versions = ">=3.6"

[package.dependencies]
async-timeout = ">=3.0,<4.0"
attrs = ">=17.3.0"
chardet = ">=2.0,<4.0"
idna-ssl = {version = ">=1.0", markers = "python_version < \"3.7\""}
multidict = ">=4.5,<7.0"
typing-extensions = {version = ">=3.6.5", markers = "python_version < \"3.7\""}
yarl = ">=1.0,<2.0"

[package.extras]
speedups = ["aiodns", "brotlipy", "cchardet"]

[[package]]
name = "async-timeout"
version = "3.0.1"
description = "Timeout context manager for asyncio programs"
category = "main"
optional = false
python-versions = ">=3.5.3"

[[package]]
name = "attrs"
version = "20.2.0"
description = "Classes Without Boilerplate"
category = "main"
optional = false
python-versions = ">=2.7, !=3.0.*, !=3.1.*, !=3.2.*, !=3.3.*"

[package.extras]
dev = ["coverage[toml] (>=5.0.2)", "hypothesis", "pympler", "pytest (>=4.3.0)", "six", "zope.interface", "sphinx", "sphinx-rtd-theme", "pre-commit"]
docs = ["sphinx", "sphinx-rtd-theme", "zope.interface"]
tests = ["coverage[toml] (>=5.0.2)", "hypothesis", "pympler", "pytest (>=4.3.0)", "six", "zope.interface"]
tests_no_zope = ["coverage[toml] (>=5.0.2)", "hypothesis", "pympler", "pytest (>=4.3.0)", "six"]

[[package]]
name = "chardet"
version = "3.0.4"
description = "Universal encoding detector for Python 2 and 3"
category = "main"
optional = false
python-versions = "*"

[[package]]
name = "contextvars"
version = "2.4"
description = "PEP 567 Backport"
category = "main"
optional = false
python-versions = "*"

[package.dependencies]
immutables = ">=0.9"

[[package]]
name = "croniter"
version = "0.3.35"
description = "croniter provides iteration for datetime object with cron like format"
category = "main"
optional = false
python-versions = ">=2.6, !=3.0.*, !=3.1.*, !=3.2.*, !=3.3.*"

[package.dependencies]
natsort = "*"
python-dateutil = "*"

[[package]]
name = "dataclasses"
version = "0.7"
description = "A backport of the dataclasses module for Python 3.6"
category = "main"
optional = false
python-versions = ">=3.6, <3.7"

[[package]]
name = "devtools"
version = "0.5.1"
description = "Dev tools for python"
category = "dev"
optional = false
python-versions = ">=3.5"

[package.extras]
pygments = ["Pygments (>=2.2.0)"]

[[package]]
name = "graia-broadcast"
version = "0.3.6"
description = "a highly customizable, elegantly designed event system based on asyncio"
category = "main"
optional = false
python-versions = ">=3.6,<4.0"

[package.dependencies]
iterwrapper = ">=0.1.2,<0.2.0"
pydantic = ">=1.5.1,<2.0.0"

[[package]]
name = "graphviz"
version = "0.14.2"
description = "Simple Python interface for Graphviz"
category = "dev"
optional = false
python-versions = ">=2.7,!=3.0.*,!=3.1.*,!=3.2.*,!=3.3.*,!=3.4.*"

[package.extras]
dev = ["tox (>=3)", "flake8", "pep8-naming", "wheel", "twine"]
docs = ["sphinx (>=1.8)", "sphinx-rtd-theme"]
test = ["mock (>=3)", "pytest (>=4)", "pytest-mock (>=2)", "pytest-cov"]

[[package]]
name = "idna"
version = "2.10"
description = "Internationalized Domain Names in Applications (IDNA)"
category = "main"
optional = false
python-versions = ">=2.7, !=3.0.*, !=3.1.*, !=3.2.*, !=3.3.*"

[[package]]
name = "idna-ssl"
version = "1.1.0"
description = "Patch ssl.match_hostname for Unicode(idna) domains support"
category = "main"
optional = false
python-versions = "*"

[package.dependencies]
idna = ">=2.0"

[[package]]
name = "immutables"
version = "0.14"
description = "Immutable Collections"
category = "main"
optional = false
python-versions = ">=3.5"

[[package]]
name = "iterwrapper"
version = "0.1.4"
description = "A wrapper for FP style iterator manipulation"
category = "main"
optional = false
python-versions = ">=3.6"

[[package]]
name = "multidict"
version = "5.0.0"
description = "multidict implementation"
category = "main"
optional = false
python-versions = ">=3.5"

[[package]]
name = "natsort"
version = "7.0.1"
description = "Simple yet flexible natural sorting in Python."
category = "main"
optional = false
python-versions = ">=3.4"

[package.extras]
fast = ["fastnumbers (>=2.0.0)"]
icu = ["PyICU (>=1.0.0)"]

[[package]]
name = "objgraph"
version = "3.5.0"
description = "Draws Python object reference graphs with graphviz"
category = "dev"
optional = false
python-versions = "*"

[package.dependencies]
graphviz = "*"

[[package]]
name = "pydantic"
version = "1.6.1"
description = "Data validation and settings management using python 3.6 type hinting"
category = "main"
optional = false
python-versions = ">=3.6"

[package.dependencies]
dataclasses = {version = ">=0.6", markers = "python_version < \"3.7\""}

[package.extras]
dotenv = ["python-dotenv (>=0.10.4)"]
email = ["email-validator (>=1.0.3)"]
typing_extensions = ["typing-extensions (>=3.7.2)"]

[[package]]
name = "python-dateutil"
version = "2.8.1"
description = "Extensions to the standard Python datetime module"
category = "main"
optional = false
python-versions = "!=3.0.*,!=3.1.*,!=3.2.*,>=2.7"

[package.dependencies]
six = ">=1.5"

[[package]]
name = "regex"
version = "2020.10.23"
description = "Alternative regular expression module, to replace re."
category = "main"
optional = false
python-versions = "*"

[[package]]
name = "six"
version = "1.15.0"
description = "Python 2 and 3 compatibility utilities"
category = "main"
optional = false
python-versions = ">=2.7, !=3.0.*, !=3.1.*, !=3.2.*"

[[package]]
name = "typing-extensions"
version = "3.7.4.3"
description = "Backported and Experimental Type Hints for Python 3.5+"
category = "main"
optional = false
python-versions = "*"

[[package]]
name = "yarl"
version = "1.6.2"
description = "Yet another URL library"
category = "main"
optional = false
python-versions = ">=3.6"

[package.dependencies]
idna = ">=2.0"
multidict = ">=4.0"
typing-extensions = {version = ">=3.7.4", markers = "python_version < \"3.8\""}

[metadata]
lock-version = "1.1"
python-versions = "^3.6"
content-hash = "a38444cfab41d2b6c1d17b03c06a9c62ed16c290a6dc2715b1911a9810fbe34f"

[metadata.files]
aiohttp = [
    {file = "aiohttp-3.7.0-cp36-cp36m-macosx_10_14_x86_64.whl", hash = "sha256:72fe89f7e14939e896d984c4b592580f8cdfa7497feb1c0c24639a9c60be3eb9"},
    {file = "aiohttp-3.7.0-cp36-cp36m-manylinux1_i686.whl", hash = "sha256:fdf778d4c4bf976e69a37213fe8083613d0851976ddcf485bd7c0650a43d3852"},
    {file = "aiohttp-3.7.0-cp36-cp36m-manylinux2014_aarch64.whl", hash = "sha256:fee7b5e68939ffc09f9b29f167ed49c8b50de3eee0a1d8108b439ddd9963af46"},
    {file = "aiohttp-3.7.0-cp36-cp36m-manylinux2014_i686.whl", hash = "sha256:dd64634713be409202058f2ea267dfbcdd74b387b8793425f21ef0266d45d0e9"},
    {file = "aiohttp-3.7.0-cp36-cp36m-manylinux2014_ppc64le.whl", hash = "sha256:713dd7fd70ddda9dc8d014c49dd0e55b58afe4e0cddb8722c7501f53edf30c3f"},
    {file = "aiohttp-3.7.0-cp36-cp36m-manylinux2014_s390x.whl", hash = "sha256:d31c43f7c4948ce01957f9a1ceee0784e067778477557ebccdf805398331c1a1"},
    {file = "aiohttp-3.7.0-cp36-cp36m-manylinux2014_x86_64.whl", hash = "sha256:5e26d6003eb6df304608d9fd9c9437065a8532d869a3ffcbd8113a3d710f8239"},
    {file = "aiohttp-3.7.0-cp36-cp36m-win_amd64.whl", hash = "sha256:bf08462cddd10ddd8ffe5cb5c1638bfa051290909ebedb31c06e46578b9b7529"},
    {file = "aiohttp-3.7.0-cp37-cp37m-macosx_10_14_x86_64.whl", hash = "sha256:07bacf6721db51a4c6160ed3031a2a97910647969dafd7c653f600f3b542f463"},
    {file = "aiohttp-3.7.0-cp37-cp37m-manylinux1_i686.whl", hash = "sha256:245b58e30bc889d18b783db2f09ef1d814f466e15c84325410827451297003a0"},
    {file = "aiohttp-3.7.0-cp37-cp37m-manylinux2014_aarch64.whl", hash = "sha256:b392e5c3e122586c49cd8b9426f577bf4d51958933b839d158d28b69515af74e"},
    {file = "aiohttp-3.7.0-cp37-cp37m-manylinux2014_i686.whl", hash = "sha256:5b5c320621a171aa85f96909af28fbb5286bd6842066db3062b083ba92261256"},
    {file = "aiohttp-3.7.0-cp37-cp37m-manylinux2014_ppc64le.whl", hash = "sha256:97d2341d1360dbe2c5b1d94922f7d68f9ce2ded1daab88b9bdeb49ce419cdc1b"},
    {file = "aiohttp-3.7.0-cp37-cp37m-manylinux2014_s390x.whl", hash = "sha256:beda23f292716887532661dc19abb9db2302ccfbd671a080cd8f4be7463d0841"},
    {file = "aiohttp-3.7.0-cp37-cp37m-manylinux2014_x86_64.whl", hash = "sha256:cbcaae9a6f14f762348d19b2dce8162772c0b0a1739314e18492a308a22caf96"},
    {file = "aiohttp-3.7.0-cp37-cp37m-win_amd64.whl", hash = "sha256:7a49ef7b691babc83db126db874fbf26ba2f781899b91399f9ff8b235f059245"},
    {file = "aiohttp-3.7.0-cp38-cp38-macosx_10_14_x86_64.whl", hash = "sha256:f56892f57310415cf6a179eec3ea6c7a82a9d37fbc00894943ea3154011a6d2a"},
    {file = "aiohttp-3.7.0-cp38-cp38-manylinux1_i686.whl", hash = "sha256:df1274b7620c32d3b15bfb0a8fb3165dd6cdc9c39f4db74d162f051c80826542"},
    {file = "aiohttp-3.7.0-cp38-cp38-manylinux2014_aarch64.whl", hash = "sha256:a04ba359dc5f2e21b96bfc90c4a7665441441ba61b52e992b7799493889a3419"},
    {file = "aiohttp-3.7.0-cp38-cp38-manylinux2014_i686.whl", hash = "sha256:f548d7976d168f0f45ac5909ca5f606ae3f6f7aa1725b22504004a053b29a7d0"},
    {file = "aiohttp-3.7.0-cp38-cp38-manylinux2014_ppc64le.whl", hash = "sha256:deef02e2a9f5095463098c7c22d5566f20a6e4e14fc0996c0c2efc74d461b680"},
    {file = "aiohttp-3.7.0-cp38-cp38-manylinux2014_s390x.whl", hash = "sha256:fe44c96bc380588d36729392b602470d88a7c18e646e95dd4348cafe3900d91d"},
    {file = "aiohttp-3.7.0-cp38-cp38-manylinux2014_x86_64.whl", hash = "sha256:9210532e6e95b40d22a33415bb84423eef3f633b2d2339b97f3b26438eebc466"},
    {file = "aiohttp-3.7.0-cp38-cp38-win_amd64.whl", hash = "sha256:a586e476a251483d222c73dfb2f27df90bc4ea1b8c7da9396236510e0d4046c8"},
    {file = "aiohttp-3.7.0-cp39-cp39-macosx_10_14_x86_64.whl", hash = "sha256:900012c5f12ff72b1453229afe288ddc9135176df8b3b3cc5b8f6cfde912aaa4"},
    {file = "aiohttp-3.7.0-cp39-cp39-manylinux1_i686.whl", hash = "sha256:064d5f0738bcbab3e0c0ecf85c93b5ee1e07e124f994eaa03bf73687f3ecd9da"},
    {file = "aiohttp-3.7.0-cp39-cp39-manylinux2014_aarch64.whl", hash = "sha256:0a2edf27865e66a33f64fa793cd14d0aae8127ce20a858539e97c25b600556dc"},
    {file = "aiohttp-3.7.0-cp39-cp39-manylinux2014_i686.whl", hash = "sha256:eaa8ae734639d5a0a3b5e33a154b8bfef384cdc090706f95c387cae8b21af764"},
    {file = "aiohttp-3.7.0-cp39-cp39-manylinux2014_ppc64le.whl", hash = "sha256:a8a42f05491d9c04a77806875a68f84fea9af7a59d47b7897cb166632f74606c"},
    {file = "aiohttp-3.7.0-cp39-cp39-manylinux2014_s390x.whl", hash = "sha256:b19ded3f6957693b97ba8372aacb5b0021639bbd5e77b1e960796bcef5431969"},
    {file = "aiohttp-3.7.0-cp39-cp39-manylinux2014_x86_64.whl", hash = "sha256:cefbd7ce7d1f1db43749a077e4970e29e2b631f367c9eff3862c3c886b4218dd"},
    {file = "aiohttp-3.7.0-cp39-cp39-win_amd64.whl", hash = "sha256:7d64f7dfd4e326d9b0d11b07fcd5ebf78844ba3c8f7699f38b50b0e0db0ae68f"},
    {file = "aiohttp-3.7.0.tar.gz", hash = "sha256:176f1d2b2bc07044f4ed583216578a72a2bd35dffdeb92e0517d0aaa29d29549"},
]
async-timeout = [
    {file = "async-timeout-3.0.1.tar.gz", hash = "sha256:0c3c816a028d47f659d6ff5c745cb2acf1f966da1fe5c19c77a70282b25f4c5f"},
    {file = "async_timeout-3.0.1-py3-none-any.whl", hash = "sha256:4291ca197d287d274d0b6cb5d6f8f8f82d434ed288f962539ff18cc9012f9ea3"},
]
attrs = [
    {file = "attrs-20.2.0-py2.py3-none-any.whl", hash = "sha256:fce7fc47dfc976152e82d53ff92fa0407700c21acd20886a13777a0d20e655dc"},
    {file = "attrs-20.2.0.tar.gz", hash = "sha256:26b54ddbbb9ee1d34d5d3668dd37d6cf74990ab23c828c2888dccdceee395594"},
]
chardet = [
    {file = "chardet-3.0.4-py2.py3-none-any.whl", hash = "sha256:fc323ffcaeaed0e0a02bf4d117757b98aed530d9ed4531e3e15460124c106691"},
    {file = "chardet-3.0.4.tar.gz", hash = "sha256:84ab92ed1c4d4f16916e05906b6b75a6c0fb5db821cc65e70cbd64a3e2a5eaae"},
]
contextvars = [
    {file = "contextvars-2.4.tar.gz", hash = "sha256:f38c908aaa59c14335eeea12abea5f443646216c4e29380d7bf34d2018e2c39e"},
]
croniter = [
    {file = "croniter-0.3.35-py2.py3-none-any.whl", hash = "sha256:4eeb32f173a714a78ab529f23a4d92b52e66c8d14b422202900230df74da82da"},
    {file = "croniter-0.3.35.tar.gz", hash = "sha256:b9075573d9d18fdc4c67ad6741c4bfa4b446b1b1d7f03279757244c8a75abedf"},
]
dataclasses = [
    {file = "dataclasses-0.7-py3-none-any.whl", hash = "sha256:3459118f7ede7c8bea0fe795bff7c6c2ce287d01dd226202f7c9ebc0610a7836"},
    {file = "dataclasses-0.7.tar.gz", hash = "sha256:494a6dcae3b8bcf80848eea2ef64c0cc5cd307ffc263e17cdf42f3e5420808e6"},
]
devtools = [
    {file = "devtools-0.5.1-py35.py36-none-any.whl", hash = "sha256:7a1f7db6ade0a71840ca4014d75dd72390aed2ef04e39e2b2445af7b3a3f4679"},
    {file = "devtools-0.5.1.tar.gz", hash = "sha256:51ca8d2e15b8a862875a4837db2bafbc6cda409c069e960aec3f4bbd91fe9c08"},
]
graia-broadcast = [
    {file = "graia-broadcast-0.3.6.tar.gz", hash = "sha256:d7eb21d8c4d5c8178de66e5d282f8e91852e342a07c0f765c20a36bfb552c039"},
    {file = "graia_broadcast-0.3.6-py3-none-any.whl", hash = "sha256:1bcbbe99c121d62998f3e87eae58e2a80a166e51b04a383ad26cf15791fdb0f7"},
]
graphviz = [
    {file = "graphviz-0.14.2-py2.py3-none-any.whl", hash = "sha256:78b28ee9f777da6c5e0b9e1bb1adba3975ec74c6ce85f001cbe964eb0b24d43e"},
    {file = "graphviz-0.14.2.zip", hash = "sha256:92b7637ece63c77e3d39221ae1f4df98e9256cb449e9860c598335b34496d195"},
]
idna = [
    {file = "idna-2.10-py2.py3-none-any.whl", hash = "sha256:b97d804b1e9b523befed77c48dacec60e6dcb0b5391d57af6a65a312a90648c0"},
    {file = "idna-2.10.tar.gz", hash = "sha256:b307872f855b18632ce0c21c5e45be78c0ea7ae4c15c828c20788b26921eb3f6"},
]
idna-ssl = [
    {file = "idna-ssl-1.1.0.tar.gz", hash = "sha256:a933e3bb13da54383f9e8f35dc4f9cb9eb9b3b78c6b36f311254d6d0d92c6c7c"},
]
immutables = [
    {file = "immutables-0.14-cp35-cp35m-macosx_10_14_x86_64.whl", hash = "sha256:860666fab142401a5535bf65cbd607b46bc5ed25b9d1eb053ca8ed9a1a1a80d6"},
    {file = "immutables-0.14-cp35-cp35m-manylinux1_x86_64.whl", hash = "sha256:ce01788878827c3f0331c254a4ad8d9721489a5e65cc43e19c80040b46e0d297"},
    {file = "immutables-0.14-cp36-cp36m-macosx_10_14_x86_64.whl", hash = "sha256:8797eed4042f4626b0bc04d9cf134208918eb0c937a8193a2c66df5041e62d2e"},
    {file = "immutables-0.14-cp36-cp36m-manylinux1_x86_64.whl", hash = "sha256:33ce2f977da7b5e0dddd93744862404bdb316ffe5853ec853e53141508fa2e6a"},
    {file = "immutables-0.14-cp36-cp36m-win_amd64.whl", hash = "sha256:6c8eace4d98988c72bcb37c05e79aae756832738305ae9497670482a82db08bc"},
    {file = "immutables-0.14-cp37-cp37m-macosx_10_14_x86_64.whl", hash = "sha256:ab6c18b7b2b2abc83e0edc57b0a38bf0915b271582a1eb8c7bed1c20398f8040"},
    {file = "immutables-0.14-cp37-cp37m-manylinux1_x86_64.whl", hash = "sha256:c099212fd6504513a50e7369fe281007c820cf9d7bb22a336486c63d77d6f0b2"},
    {file = "immutables-0.14-cp37-cp37m-win_amd64.whl", hash = "sha256:714aedbdeba4439d91cb5e5735cb10631fc47a7a69ea9cc8ecbac90322d50a4a"},
    {file = "immutables-0.14-cp38-cp38-macosx_10_14_x86_64.whl", hash = "sha256:1c11050c49e193a1ec9dda1747285333f6ba6a30bbeb2929000b9b1192097ec0"},
    {file = "immutables-0.14-cp38-cp38-manylinux1_x86_64.whl", hash = "sha256:c453e12b95e1d6bb4909e8743f88b7f5c0c97b86a8bc0d73507091cb644e3c1e"},
    {file = "immutables-0.14-cp38-cp38-win_amd64.whl", hash = "sha256:ef9da20ec0f1c5853b5c8f8e3d9e1e15b8d98c259de4b7515d789a606af8745e"},
    {file = "immutables-0.14.tar.gz", hash = "sha256:a0a1cc238b678455145bae291d8426f732f5255537ed6a5b7645949704c70a78"},
]
iterwrapper = [
    {file = "iterwrapper-0.1.4-py3-none-any.whl", hash = "sha256:a3296d81fa2e558734f572617487fb6be3e2af12af2776899dd29d2154ffdba5"},
    {file = "iterwrapper-0.1.4.tar.gz", hash = "sha256:f2dd1e5a55935a0ce151912524de1781d2aa9cb1fda3e2424fb403ff857f63d9"},
]
multidict = [
    {file = "multidict-5.0.0-cp36-cp36m-macosx_10_14_x86_64.whl", hash = "sha256:11dcf2366da487d5b9de1d4b2055308c7ed9bde1a52973d07a89b42252af9ebe"},
    {file = "multidict-5.0.0-cp36-cp36m-manylinux1_i686.whl", hash = "sha256:167bd8e6351b57525bbf2d524ca5a133834699a2fcb090aad0c330c6017f3f3e"},
    {file = "multidict-5.0.0-cp36-cp36m-manylinux2014_aarch64.whl", hash = "sha256:60af726c19a899ed49bbb276e062f08b80222cb6b9feda44b59a128b5ff52966"},
    {file = "multidict-5.0.0-cp36-cp36m-manylinux2014_i686.whl", hash = "sha256:32f0a904859a6274d7edcbb01752c8ae9c633fb7d1c131771ff5afd32eceee42"},
    {file = "multidict-5.0.0-cp36-cp36m-manylinux2014_ppc64le.whl", hash = "sha256:7561a804093ea4c879e06b5d3d18a64a0bc21004bade3540a4b31342b528d326"},
    {file = "multidict-5.0.0-cp36-cp36m-manylinux2014_s390x.whl", hash = "sha256:786ad04ad954afe9927a1b3049aa58722e182160fe2fcac7ad7f35c93595d4f6"},
    {file = "multidict-5.0.0-cp36-cp36m-manylinux2014_x86_64.whl", hash = "sha256:02b2ea2bb1277a970d238c5c783023790ca94d386c657aeeb165259950951cc6"},
    {file = "multidict-5.0.0-cp36-cp36m-win_amd64.whl", hash = "sha256:932964cf57c0e59d1f3fb63ff342440cf8aaa75bf0dbcbad902c084024975380"},
    {file = "multidict-5.0.0-cp37-cp37m-macosx_10_14_x86_64.whl", hash = "sha256:c692087913e12b801a759e25a626c3d311f416252dfba2ecdfd254583427949f"},
    {file = "multidict-5.0.0-cp37-cp37m-manylinux1_i686.whl", hash = "sha256:cda06c99cd6f4a36571bb38e560a6fcfb1f136521e57f612e0bc31957b1cd4bd"},
    {file = "multidict-5.0.0-cp37-cp37m-manylinux2014_aarch64.whl", hash = "sha256:84e4943d8725659942e7401bdf31780acde9cfdaf6fe977ff1449fffafcd93a9"},
    {file = "multidict-5.0.0-cp37-cp37m-manylinux2014_i686.whl", hash = "sha256:bbec545b8f82536bc50afa9abce832176ed250aa22bfff3e20b3463fb90b0b35"},
    {file = "multidict-5.0.0-cp37-cp37m-manylinux2014_ppc64le.whl", hash = "sha256:c339b7d73c0ea5c551025617bb8aa1c00a0111187b6545f48836343e6cfbe6a0"},
    {file = "multidict-5.0.0-cp37-cp37m-manylinux2014_s390x.whl", hash = "sha256:0ce1d956ecbf112d49915ebc2f29c03e35fe451fb5e9f491edf9a2f4395ee0af"},
    {file = "multidict-5.0.0-cp37-cp37m-manylinux2014_x86_64.whl", hash = "sha256:39713fa2c687e0d0e709ad751a8a709ac051fcdc7f2048f6fd09365dd03c83eb"},
    {file = "multidict-5.0.0-cp37-cp37m-win_amd64.whl", hash = "sha256:0ffdb4b897b15df798c0a5939a0323ccf703f2bae551dfab4eb1af7fbab38ead"},
    {file = "multidict-5.0.0-cp38-cp38-macosx_10_14_x86_64.whl", hash = "sha256:4ef76ce695da72e176f6a51867afb3bf300ce16ba2597824caaef625af5906a9"},
    {file = "multidict-5.0.0-cp38-cp38-manylinux1_i686.whl", hash = "sha256:711289412b78cf41a21457f4c806890466013d62bf4296bd3d71fad73ff8a581"},
    {file = "multidict-5.0.0-cp38-cp38-manylinux2014_aarch64.whl", hash = "sha256:2b0cfc33f53e5c8226f7d7c4e126fa0780f970ef1e96f7c6353da7d01eafe490"},
    {file = "multidict-5.0.0-cp38-cp38-manylinux2014_i686.whl", hash = "sha256:28b5913e5b6fef273e5d4230b61f33c8a51c3ce5f44a88582dee6b5ca5c9977b"},
    {file = "multidict-5.0.0-cp38-cp38-manylinux2014_ppc64le.whl", hash = "sha256:a5eca9ee72b372199c2b76672145e47d3c829889eefa2037b1f3018f54e5f67d"},
    {file = "multidict-5.0.0-cp38-cp38-manylinux2014_s390x.whl", hash = "sha256:20eaf1c279c543e07c164e4ac02151488829177da06607efa7ccfecd71b21e79"},
    {file = "multidict-5.0.0-cp38-cp38-manylinux2014_x86_64.whl", hash = "sha256:ec8bc0ab00c76c4260a201eaa58812ea8b1b7fde0ecf5f9c9365a182bd4691ed"},
    {file = "multidict-5.0.0-cp38-cp38-win_amd64.whl", hash = "sha256:aad240c1429e386af38a2d6761032f0bec5177fed7c5f582c835c99fff135b5c"},
    {file = "multidict-5.0.0-cp39-cp39-macosx_10_14_x86_64.whl", hash = "sha256:52b5b51281d760197ce3db063c166fdb626e01c8e428a325aa37198ce31c9565"},
    {file = "multidict-5.0.0-cp39-cp39-manylinux1_i686.whl", hash = "sha256:5263359a03368985b5296b7a73363d761a269848081879ba04a6e4bfd0cf4a78"},
    {file = "multidict-5.0.0-cp39-cp39-manylinux2014_aarch64.whl", hash = "sha256:620c39b1270b68e194023ad471b6a54bdb517bb48515939c9829b56c783504a3"},
    {file = "multidict-5.0.0-cp39-cp39-manylinux2014_i686.whl", hash = "sha256:2739d1d9237835122b27d88990849ecf41ef670e0fcb876159edd236ca9ef40f"},
    {file = "multidict-5.0.0-cp39-cp39-manylinux2014_ppc64le.whl", hash = "sha256:62f6e66931fb87e9016e7c1cc806ab4f3e39392fd502362df3cac888078b27cb"},
    {file = "multidict-5.0.0-cp39-cp39-manylinux2014_s390x.whl", hash = "sha256:5dd303b545b62f9d2b14f99fbdb84c109a20e64a57f6a192fe6aebcb6263b59d"},
    {file = "multidict-5.0.0-cp39-cp39-manylinux2014_x86_64.whl", hash = "sha256:60b12d14bc122ba2dae1e4460a891b3a96e73d815b4365675f6ec0a1725416a5"},
    {file = "multidict-5.0.0-cp39-cp39-win_amd64.whl", hash = "sha256:79dc3e6e7ce853fb7ed17c134e01fcb0d0c826b33201aa2a910fb27ed75c2eb9"},
    {file = "multidict-5.0.0.tar.gz", hash = "sha256:1b324444299c3a49b601b1bf621fc21704e29066f6ac2b7d7e4034a4a18662a1"},
]
natsort = [
    {file = "natsort-7.0.1-py3-none-any.whl", hash = "sha256:d3fd728a3ceb7c78a59aa8539692a75e37cbfd9b261d4d702e8016639820f90a"},
    {file = "natsort-7.0.1.tar.gz", hash = "sha256:a633464dc3a22b305df0f27abcb3e83515898aa1fd0ed2f9726c3571a27258cf"},
]
objgraph = [
    {file = "objgraph-3.5.0-py2.py3-none-any.whl", hash = "sha256:deb821bc51a88ff103893aeeee2a8965eb0f719af2a363f49d63d894938b50b6"},
    {file = "objgraph-3.5.0.tar.gz", hash = "sha256:4752ca5bcc0e0512e41b8cc4d2780ac2fd3b3eabd03b7e950a5594c06203dfc4"},
]
pydantic = [
    {file = "pydantic-1.6.1-cp36-cp36m-macosx_10_9_x86_64.whl", hash = "sha256:418b84654b60e44c0cdd5384294b0e4bc1ebf42d6e873819424f3b78b8690614"},
    {file = "pydantic-1.6.1-cp36-cp36m-manylinux1_i686.whl", hash = "sha256:4900b8820b687c9a3ed753684337979574df20e6ebe4227381d04b3c3c628f99"},
    {file = "pydantic-1.6.1-cp36-cp36m-manylinux2014_i686.whl", hash = "sha256:b49c86aecde15cde33835d5d6360e55f5e0067bb7143a8303bf03b872935c75b"},
    {file = "pydantic-1.6.1-cp36-cp36m-manylinux2014_x86_64.whl", hash = "sha256:2de562a456c4ecdc80cf1a8c3e70c666625f7d02d89a6174ecf63754c734592e"},
    {file = "pydantic-1.6.1-cp36-cp36m-win_amd64.whl", hash = "sha256:f769141ab0abfadf3305d4fcf36660e5cf568a666dd3efab7c3d4782f70946b1"},
    {file = "pydantic-1.6.1-cp37-cp37m-macosx_10_9_x86_64.whl", hash = "sha256:2dc946b07cf24bee4737ced0ae77e2ea6bc97489ba5a035b603bd1b40ad81f7e"},
    {file = "pydantic-1.6.1-cp37-cp37m-manylinux1_i686.whl", hash = "sha256:36dbf6f1be212ab37b5fda07667461a9219c956181aa5570a00edfb0acdfe4a1"},
    {file = "pydantic-1.6.1-cp37-cp37m-manylinux2014_i686.whl", hash = "sha256:1783c1d927f9e1366e0e0609ae324039b2479a1a282a98ed6a6836c9ed02002c"},
    {file = "pydantic-1.6.1-cp37-cp37m-manylinux2014_x86_64.whl", hash = "sha256:cf3933c98cb5e808b62fae509f74f209730b180b1e3c3954ee3f7949e083a7df"},
    {file = "pydantic-1.6.1-cp37-cp37m-win_amd64.whl", hash = "sha256:f8af9b840a9074e08c0e6dc93101de84ba95df89b267bf7151d74c553d66833b"},
    {file = "pydantic-1.6.1-cp38-cp38-macosx_10_9_x86_64.whl", hash = "sha256:40d765fa2d31d5be8e29c1794657ad46f5ee583a565c83cea56630d3ae5878b9"},
    {file = "pydantic-1.6.1-cp38-cp38-manylinux1_i686.whl", hash = "sha256:3fa799f3cfff3e5f536cbd389368fc96a44bb30308f258c94ee76b73bd60531d"},
    {file = "pydantic-1.6.1-cp38-cp38-manylinux2014_i686.whl", hash = "sha256:6c3f162ba175678218629f446a947e3356415b6b09122dcb364e58c442c645a7"},
    {file = "pydantic-1.6.1-cp38-cp38-manylinux2014_x86_64.whl", hash = "sha256:eb75dc1809875d5738df14b6566ccf9fd9c0bcde4f36b72870f318f16b9f5c20"},
    {file = "pydantic-1.6.1-cp38-cp38-win_amd64.whl", hash = "sha256:530d7222a2786a97bc59ee0e0ebbe23728f82974b1f1ad9a11cd966143410633"},
    {file = "pydantic-1.6.1-py36.py37.py38-none-any.whl", hash = "sha256:b5b3489cb303d0f41ad4a7390cf606a5f2c7a94dcba20c051cd1c653694cb14d"},
    {file = "pydantic-1.6.1.tar.gz", hash = "sha256:54122a8ed6b75fe1dd80797f8251ad2063ea348a03b77218d73ea9fe19bd4e73"},
]
python-dateutil = [
    {file = "python-dateutil-2.8.1.tar.gz", hash = "sha256:73ebfe9dbf22e832286dafa60473e4cd239f8592f699aa5adaf10050e6e1823c"},
    {file = "python_dateutil-2.8.1-py2.py3-none-any.whl", hash = "sha256:75bb3f31ea686f1197762692a9ee6a7550b59fc6ca3a1f4b5d7e32fb98e2da2a"},
]
regex = [
    {file = "regex-2020.10.23-cp27-cp27m-win32.whl", hash = "sha256:781906e45ef1d10a0ed9ec8ab83a09b5e0d742de70e627b20d61ccb1b1d3964d"},
    {file = "regex-2020.10.23-cp27-cp27m-win_amd64.whl", hash = "sha256:8cd0d587aaac74194ad3e68029124c06245acaeddaae14cb45844e5c9bebeea4"},
    {file = "regex-2020.10.23-cp36-cp36m-manylinux1_i686.whl", hash = "sha256:af360e62a9790e0a96bc9ac845d87bfa0e4ee0ee68547ae8b5a9c1030517dbef"},
    {file = "regex-2020.10.23-cp36-cp36m-manylinux1_x86_64.whl", hash = "sha256:4e21340c07090ddc8c16deebfd82eb9c9e1ec5e62f57bb86194a2595fd7b46e0"},
    {file = "regex-2020.10.23-cp36-cp36m-manylinux2010_i686.whl", hash = "sha256:e5f6aa56dda92472e9d6f7b1e6331f4e2d51a67caafff4d4c5121cadac03941e"},
    {file = "regex-2020.10.23-cp36-cp36m-manylinux2010_x86_64.whl", hash = "sha256:c30d8766a055c22e39dd7e1a4f98f6266169f2de05db737efe509c2fb9c8a3c8"},
    {file = "regex-2020.10.23-cp36-cp36m-win32.whl", hash = "sha256:1a065e7a6a1b4aa851a0efa1a2579eabc765246b8b3a5fd74000aaa3134b8b4e"},
    {file = "regex-2020.10.23-cp36-cp36m-win_amd64.whl", hash = "sha256:c95d514093b80e5309bdca5dd99e51bcf82c44043b57c34594d9d7556bd04d05"},
    {file = "regex-2020.10.23-cp37-cp37m-manylinux1_i686.whl", hash = "sha256:f4b1c65ee86bfbf7d0c3dfd90592a9e3d6e9ecd36c367c884094c050d4c35d04"},
    {file = "regex-2020.10.23-cp37-cp37m-manylinux1_x86_64.whl", hash = "sha256:d62205f00f461fe8b24ade07499454a3b7adf3def1225e258b994e2215fd15c5"},
    {file = "regex-2020.10.23-cp37-cp37m-manylinux2010_i686.whl", hash = "sha256:b706c70070eea03411b1761fff3a2675da28d042a1ab7d0863b3efe1faa125c9"},
    {file = "regex-2020.10.23-cp37-cp37m-manylinux2010_x86_64.whl", hash = "sha256:d43cf21df524283daa80ecad551c306b7f52881c8d0fe4e3e76a96b626b6d8d8"},
    {file = "regex-2020.10.23-cp37-cp37m-win32.whl", hash = "sha256:570e916a44a361d4e85f355aacd90e9113319c78ce3c2d098d2ddf9631b34505"},
    {file = "regex-2020.10.23-cp37-cp37m-win_amd64.whl", hash = "sha256:1c447b0d108cddc69036b1b3910fac159f2b51fdeec7f13872e059b7bc932be1"},
    {file = "regex-2020.10.23-cp38-cp38-manylinux1_i686.whl", hash = "sha256:8469377a437dbc31e480993399fd1fd15fe26f382dc04c51c9cb73e42965cc06"},
    {file = "regex-2020.10.23-cp38-cp38-manylinux1_x86_64.whl", hash = "sha256:59d5c6302d22c16d59611a9fd53556554010db1d47e9df5df37be05007bebe75"},
    {file = "regex-2020.10.23-cp38-cp38-manylinux2010_i686.whl", hash = "sha256:a973d5a7a324e2a5230ad7c43f5e1383cac51ef4903bf274936a5634b724b531"},
    {file = "regex-2020.10.23-cp38-cp38-manylinux2010_x86_64.whl", hash = "sha256:97a023f97cddf00831ba04886d1596ef10f59b93df7f855856f037190936e868"},
    {file = "regex-2020.10.23-cp38-cp38-win32.whl", hash = "sha256:e289a857dca3b35d3615c3a6a438622e20d1bf0abcb82c57d866c8d0be3f44c4"},
    {file = "regex-2020.10.23-cp38-cp38-win_amd64.whl", hash = "sha256:0cb23ed0e327c18fb7eac61ebbb3180ebafed5b9b86ca2e15438201e5903b5dd"},
    {file = "regex-2020.10.23-cp39-cp39-manylinux1_i686.whl", hash = "sha256:c53dc8ee3bb7b7e28ee9feb996a0c999137be6c1d3b02cb6b3c4cba4f9e5ed09"},
    {file = "regex-2020.10.23-cp39-cp39-manylinux1_x86_64.whl", hash = "sha256:6a46eba253cedcbe8a6469f881f014f0a98819d99d341461630885139850e281"},
    {file = "regex-2020.10.23-cp39-cp39-manylinux2010_i686.whl", hash = "sha256:240509721a663836b611fa13ca1843079fc52d0b91ef3f92d9bba8da12e768a0"},
    {file = "regex-2020.10.23-cp39-cp39-manylinux2010_x86_64.whl", hash = "sha256:6f567df0601e9c7434958143aebea47a9c4b45434ea0ae0286a4ec19e9877169"},
    {file = "regex-2020.10.23-cp39-cp39-win32.whl", hash = "sha256:bfd7a9fddd11d116a58b62ee6c502fd24cfe22a4792261f258f886aa41c2a899"},
    {file = "regex-2020.10.23-cp39-cp39-win_amd64.whl", hash = "sha256:1a511470db3aa97432ac8c1bf014fcc6c9fbfd0f4b1313024d342549cf86bcd6"},
    {file = "regex-2020.10.23.tar.gz", hash = "sha256:2278453c6a76280b38855a263198961938108ea2333ee145c5168c36b8e2b376"},
]
six = [
    {file = "six-1.15.0-py2.py3-none-any.whl", hash = "sha256:8b74bedcbbbaca38ff6d7491d76f2b06b3592611af620f8426e82dddb04a5ced"},
    {file = "six-1.15.0.tar.gz", hash = "sha256:30639c035cdb23534cd4aa2dd52c3bf48f06e5f4a941509c8bafd8ce11080259"},
]
typing-extensions = [
    {file = "typing_extensions-3.7.4.3-py2-none-any.whl", hash = "sha256:dafc7639cde7f1b6e1acc0f457842a83e722ccca8eef5270af2d74792619a89f"},
    {file = "typing_extensions-3.7.4.3-py3-none-any.whl", hash = "sha256:7cb407020f00f7bfc3cb3e7881628838e69d8f3fcab2f64742a5e76b2f841918"},
    {file = "typing_extensions-3.7.4.3.tar.gz", hash = "sha256:99d4073b617d30288f569d3f13d2bd7548c3a7e4c8de87db09a9d29bb3a4a60c"},
]
yarl = [
    {file = "yarl-1.6.2-cp36-cp36m-macosx_10_14_x86_64.whl", hash = "sha256:d77f6c9133d2aabb290a7846aaa74ec14d7b5ab35b01591fac5a70c4a8c959a2"},
    {file = "yarl-1.6.2-cp36-cp36m-manylinux1_i686.whl", hash = "sha256:311effab3b3828ab34f0e661bb57ff422f67d5c33056298bda4c12195251f8dd"},
    {file = "yarl-1.6.2-cp36-cp36m-manylinux2014_aarch64.whl", hash = "sha256:f835015a825980b65356e9520979a1564c56efea7da7d4b68a14d4a07a3a7336"},
    {file = "yarl-1.6.2-cp36-cp36m-manylinux2014_i686.whl", hash = "sha256:59f78b5da34ddcffb663b772f7619e296518712e022e57fc5d9f921818e2ab7c"},
    {file = "yarl-1.6.2-cp36-cp36m-manylinux2014_ppc64le.whl", hash = "sha256:3526cb5905907f0e42bee7ef57ae4a5f02bc27dcac27859269e2bba0caa4c2b6"},
    {file = "yarl-1.6.2-cp36-cp36m-manylinux2014_s390x.whl", hash = "sha256:e77bf79ad1ccae672eab22453838382fe9029fc27c8029e84913855512a587d8"},
    {file = "yarl-1.6.2-cp36-cp36m-manylinux2014_x86_64.whl", hash = "sha256:b3dd1052afd436ba737e61f5d3bed1f43a7f9a33fc58fbe4226eb919a7006019"},
    {file = "yarl-1.6.2-cp36-cp36m-win_amd64.whl", hash = "sha256:6f29115b0c330da25a04f48612d75333bca04521181a666ca0b8761005a99150"},
    {file = "yarl-1.6.2-cp37-cp37m-macosx_10_14_x86_64.whl", hash = "sha256:f3031c78edf10315abe232254e6a36b65afe65fded41ee54ed7976d0b2cdf0da"},
    {file = "yarl-1.6.2-cp37-cp37m-manylinux1_i686.whl", hash = "sha256:4bed5cd7c8e69551eb19df15295ba90e62b9a6a1149c76eb4a9bab194402a156"},
    {file = "yarl-1.6.2-cp37-cp37m-manylinux2014_aarch64.whl", hash = "sha256:39b1e586f34b1d2512c9b39aa3cf24c870c972d525e36edc9ee19065db4737bb"},
    {file = "yarl-1.6.2-cp37-cp37m-manylinux2014_i686.whl", hash = "sha256:03b7a44384ad60be1b7be93c2a24dc74895f8d767ea0bce15b2f6fc7695a3843"},
    {file = "yarl-1.6.2-cp37-cp37m-manylinux2014_ppc64le.whl", hash = "sha256:a1fd575dd058e10ad4c35065e7c3007cc74d142f622b14e168d8a273a2fa8713"},
    {file = "yarl-1.6.2-cp37-cp37m-manylinux2014_s390x.whl", hash = "sha256:9b48d31f8d881713fd461abfe7acbb4dcfeb47cec3056aa83f2fbcd2244577f7"},
    {file = "yarl-1.6.2-cp37-cp37m-manylinux2014_x86_64.whl", hash = "sha256:1c05ae3d5ea4287470046a2c2754f0a4c171b84ea72c8a691f776eb1753dfb91"},
    {file = "yarl-1.6.2-cp37-cp37m-win_amd64.whl", hash = "sha256:f4f27ff3dd80bc7c402def211a47291ea123d59a23f59fe18fc0e81e3e71f385"},
    {file = "yarl-1.6.2-cp38-cp38-macosx_10_14_x86_64.whl", hash = "sha256:73d4e1e1ef5e52d526c92f07d16329e1678612c6a81dd8101fdcae11a72de15c"},
    {file = "yarl-1.6.2-cp38-cp38-manylinux1_i686.whl", hash = "sha256:db643ce2b58a4bd11a82348225c53c76ecdd82bb37cf4c085e6df1b676f4038c"},
    {file = "yarl-1.6.2-cp38-cp38-manylinux2014_aarch64.whl", hash = "sha256:d25d3311794e6c71b608d7c47651c8f65eea5ab15358a27f29330b3475e8f8e5"},
    {file = "yarl-1.6.2-cp38-cp38-manylinux2014_i686.whl", hash = "sha256:51c6d3cf7a1f1fbe134bb92f33b7affd94d6de24cd64b466eb12de52120fb8c6"},
    {file = "yarl-1.6.2-cp38-cp38-manylinux2014_ppc64le.whl", hash = "sha256:cd623170c729a865037828e3f99f8ebdb22a467177a539680dfc5670b74c84e2"},
    {file = "yarl-1.6.2-cp38-cp38-manylinux2014_s390x.whl", hash = "sha256:c056e86bff5a0b566e0d9fab4f67e83b12ae9cbcd250d334cbe2005bbe8c96f2"},
    {file = "yarl-1.6.2-cp38-cp38-manylinux2014_x86_64.whl", hash = "sha256:f4c007156732866aa4507d619fe6f8f2748caabed4f66b276ccd97c82572620c"},
    {file = "yarl-1.6.2-cp38-cp38-win_amd64.whl", hash = "sha256:2bb2e21cf062dfbe985c3cd4618bae9f25271efcad9e7be1277861247eee9839"},
    {file = "yarl-1.6.2-cp39-cp39-macosx_10_14_x86_64.whl", hash = "sha256:b99c25ed5c355b35d1e6dae87ac7297a4844a57dc5766b173b88b6163a36eb0d"},
    {file = "yarl-1.6.2-cp39-cp39-manylinux1_i686.whl", hash = "sha256:2467baf8233f7c64048df37e11879c553943ffe7f373e689711ec2807ea13805"},
    {file = "yarl-1.6.2-cp39-cp39-manylinux2014_aarch64.whl", hash = "sha256:e3a0c43a26dfed955b2a06fdc4d51d2c51bc2200aff8ce8faf14e676ea8c8862"},
    {file = "yarl-1.6.2-cp39-cp39-manylinux2014_i686.whl", hash = "sha256:f2f0174cb15435957d3b751093f89aede77df59a499ab7516bbb633b77ead13a"},
    {file = "yarl-1.6.2-cp39-cp39-manylinux2014_ppc64le.whl", hash = "sha256:d695439c201ed340745250f9eb4dfe8d32bf1e680c16477107b8f3ce4bff4fdb"},
    {file = "yarl-1.6.2-cp39-cp39-manylinux2014_s390x.whl", hash = "sha256:f57744fc61e118b5d114ae8077d8eb9df4d2d2c11e2af194e21f0c11ed9dcf6c"},
    {file = "yarl-1.6.2-cp39-cp39-manylinux2014_x86_64.whl", hash = "sha256:d894a2442d2cd20a3b0b0dce5a353d316c57d25a2b445e03f7eac90eee27b8af"},
    {file = "yarl-1.6.2-cp39-cp39-win_amd64.whl", hash = "sha256:076157404db9db4bb3fa9db22db319bbb36d075eeab19ba018ce20ae0cacf037"},
    {file = "yarl-1.6.2.tar.gz", hash = "sha256:c45b49b59a5724869899798e1bbd447ac486215269511d3b76b4c235a1b766b6"},
]
