[[package]]
category = "main"
description = "Async http client/server framework (asyncio)"
name = "aiohttp"
optional = false
python-versions = ">=3.5.3"
version = "3.6.2"

[package.dependencies]
async-timeout = ">=3.0,<4.0"
attrs = ">=17.3.0"
chardet = ">=2.0,<4.0"
multidict = ">=4.5,<5.0"
yarl = ">=1.0,<2.0"

[package.dependencies.idna-ssl]
python = "<3.7"
version = ">=1.0"

[package.dependencies.typing-extensions]
python = "<3.7"
version = ">=3.6.5"

[package.extras]
speedups = ["aiodns", "brotlipy", "cchardet"]

[package.source]
reference = "tuna-tsinghua"
url = "https://mirrors.tuna.tsinghua.edu.cn/pypi/web/simple"

[[package]]
category = "main"
description = "Timeout context manager for asyncio programs"
name = "async-timeout"
optional = false
python-versions = ">=3.5.3"
version = "3.0.1"

[package.source]
reference = "tuna-tsinghua"
url = "https://mirrors.tuna.tsinghua.edu.cn/pypi/web/simple"

[[package]]
category = "main"
description = "Classes Without Boilerplate"
name = "attrs"
optional = false
python-versions = ">=2.7, !=3.0.*, !=3.1.*, !=3.2.*, !=3.3.*"
version = "20.2.0"

[package.extras]
dev = ["coverage (>=5.0.2)", "hypothesis", "pympler", "pytest (>=4.3.0)", "six", "zope.interface", "sphinx", "sphinx-rtd-theme", "pre-commit"]
docs = ["sphinx", "sphinx-rtd-theme", "zope.interface"]
tests = ["coverage (>=5.0.2)", "hypothesis", "pympler", "pytest (>=4.3.0)", "six", "zope.interface"]
tests_no_zope = ["coverage (>=5.0.2)", "hypothesis", "pympler", "pytest (>=4.3.0)", "six"]

[package.source]
reference = "tuna-tsinghua"
url = "https://mirrors.tuna.tsinghua.edu.cn/pypi/web/simple"

[[package]]
category = "main"
description = "Universal encoding detector for Python 2 and 3"
name = "chardet"
optional = false
python-versions = "*"
version = "3.0.4"

[package.source]
reference = "tuna-tsinghua"
url = "https://mirrors.tuna.tsinghua.edu.cn/pypi/web/simple"

[[package]]
category = "main"
description = "PEP 567 Backport"
marker = "python_version < \"3.7\""
name = "contextvars"
optional = false
python-versions = "*"
version = "2.4"

[package.dependencies]
immutables = ">=0.9"

[package.source]
reference = "tuna-tsinghua"
url = "https://mirrors.tuna.tsinghua.edu.cn/pypi/web/simple"

[[package]]
category = "main"
description = "croniter provides iteration for datetime object with cron like format"
name = "croniter"
optional = false
python-versions = ">=2.6, !=3.0.*, !=3.1.*, !=3.2.*, !=3.3.*"
version = "0.3.34"

[package.dependencies]
natsort = "*"
python-dateutil = "*"

[package.source]
reference = "tuna-tsinghua"
url = "https://mirrors.tuna.tsinghua.edu.cn/pypi/web/simple"

[[package]]
category = "main"
description = "A backport of the dataclasses module for Python 3.6"
marker = "python_version < \"3.7\""
name = "dataclasses"
optional = false
python-versions = "*"
version = "0.6"

[package.source]
reference = "tuna-tsinghua"
url = "https://mirrors.tuna.tsinghua.edu.cn/pypi/web/simple"

[[package]]
category = "dev"
description = "Dev tools for python"
name = "devtools"
optional = false
python-versions = ">=3.5"
version = "0.5.1"

[package.extras]
pygments = ["Pygments (>=2.2.0)"]

[package.source]
reference = "tuna-tsinghua"
url = "https://mirrors.tuna.tsinghua.edu.cn/pypi/web/simple"

[[package]]
category = "main"
description = "a highly customizable, elegantly designed event system based on asyncio"
name = "graia-broadcast"
optional = false
python-versions = ">=3.6,<4.0"
version = "0.3.0"

[package.dependencies]
iterwrapper = ">=0.1.2,<0.2.0"
pydantic = ">=1.5.1,<2.0.0"

[package.source]
reference = "tuna-tsinghua"
url = "https://mirrors.tuna.tsinghua.edu.cn/pypi/web/simple"

[[package]]
category = "dev"
description = "Simple Python interface for Graphviz"
name = "graphviz"
optional = false
python-versions = ">=2.7,!=3.0.*,!=3.1.*,!=3.2.*,!=3.3.*,!=3.4.*"
version = "0.14.1"

[package.extras]
dev = ["tox (>=3)", "flake8", "pep8-naming", "wheel", "twine"]
docs = ["sphinx (>=1.8)", "sphinx-rtd-theme"]
test = ["mock (>=3)", "pytest (>=4)", "pytest-mock (>=2)", "pytest-cov"]

[package.source]
reference = "tuna-tsinghua"
url = "https://mirrors.tuna.tsinghua.edu.cn/pypi/web/simple"

[[package]]
category = "main"
description = "Internationalized Domain Names in Applications (IDNA)"
name = "idna"
optional = false
python-versions = ">=2.7, !=3.0.*, !=3.1.*, !=3.2.*, !=3.3.*"
version = "2.10"

[package.source]
reference = "tuna-tsinghua"
url = "https://mirrors.tuna.tsinghua.edu.cn/pypi/web/simple"

[[package]]
category = "main"
description = "Patch ssl.match_hostname for Unicode(idna) domains support"
marker = "python_version < \"3.7\""
name = "idna-ssl"
optional = false
python-versions = "*"
version = "1.1.0"

[package.dependencies]
idna = ">=2.0"

[package.source]
reference = "tuna-tsinghua"
url = "https://mirrors.tuna.tsinghua.edu.cn/pypi/web/simple"

[[package]]
category = "main"
description = "Immutable Collections"
marker = "python_version < \"3.7\""
name = "immutables"
optional = false
python-versions = ">=3.5"
version = "0.14"

[package.source]
reference = "tuna-tsinghua"
url = "https://mirrors.tuna.tsinghua.edu.cn/pypi/web/simple"

[[package]]
category = "main"
description = "A wrapper for FP style iterator manipulation"
name = "iterwrapper"
optional = false
python-versions = ">=3.6"
version = "0.1.4"

[package.source]
reference = "tuna-tsinghua"
url = "https://mirrors.tuna.tsinghua.edu.cn/pypi/web/simple"

[[package]]
category = "main"
description = "multidict implementation"
name = "multidict"
optional = false
python-versions = ">=3.5"
version = "4.7.6"

[package.source]
reference = "tuna-tsinghua"
url = "https://mirrors.tuna.tsinghua.edu.cn/pypi/web/simple"

[[package]]
category = "main"
description = "Simple yet flexible natural sorting in Python."
name = "natsort"
optional = false
python-versions = ">=3.4"
version = "7.0.1"

[package.extras]
fast = ["fastnumbers (>=2.0.0)"]
icu = ["PyICU (>=1.0.0)"]

[package.source]
reference = "tuna-tsinghua"
url = "https://mirrors.tuna.tsinghua.edu.cn/pypi/web/simple"

[[package]]
category = "dev"
description = "Draws Python object reference graphs with graphviz"
name = "objgraph"
optional = false
python-versions = "*"
version = "3.4.1"

[package.dependencies]
graphviz = "*"

[package.source]
reference = "tuna-tsinghua"
url = "https://mirrors.tuna.tsinghua.edu.cn/pypi/web/simple"

[[package]]
category = "main"
description = "Data validation and settings management using python 3.6 type hinting"
name = "pydantic"
optional = false
python-versions = ">=3.6"
version = "1.6.1"

[package.dependencies]
[package.dependencies.dataclasses]
python = "<3.7"
version = ">=0.6"

[package.extras]
dotenv = ["python-dotenv (>=0.10.4)"]
email = ["email-validator (>=1.0.3)"]
typing_extensions = ["typing-extensions (>=3.7.2)"]

[package.source]
reference = "tuna-tsinghua"
url = "https://mirrors.tuna.tsinghua.edu.cn/pypi/web/simple"

[[package]]
category = "main"
description = "Extensions to the standard Python datetime module"
name = "python-dateutil"
optional = false
python-versions = "!=3.0.*,!=3.1.*,!=3.2.*,>=2.7"
version = "2.8.1"

[package.dependencies]
six = ">=1.5"

[package.source]
reference = "tuna-tsinghua"
url = "https://mirrors.tuna.tsinghua.edu.cn/pypi/web/simple"

[[package]]
category = "main"
description = "Alternative regular expression module, to replace re."
name = "regex"
optional = false
python-versions = "*"
version = "2020.9.27"

[package.source]
reference = "tuna-tsinghua"
url = "https://mirrors.tuna.tsinghua.edu.cn/pypi/web/simple"

[[package]]
category = "main"
description = "Python 2 and 3 compatibility utilities"
name = "six"
optional = false
python-versions = ">=2.7, !=3.0.*, !=3.1.*, !=3.2.*"
version = "1.15.0"

[package.source]
reference = "tuna-tsinghua"
url = "https://mirrors.tuna.tsinghua.edu.cn/pypi/web/simple"

[[package]]
category = "main"
description = "Backported and Experimental Type Hints for Python 3.5+"
marker = "python_version < \"3.8\""
name = "typing-extensions"
optional = false
python-versions = "*"
version = "3.7.4.3"

[package.source]
reference = "tuna-tsinghua"
url = "https://mirrors.tuna.tsinghua.edu.cn/pypi/web/simple"

[[package]]
category = "main"
description = "Yet another URL library"
name = "yarl"
optional = false
python-versions = ">=3.5"
version = "1.6.0"

[package.dependencies]
idna = ">=2.0"
multidict = ">=4.0"

[package.dependencies.typing_extensions]
python = "<3.8"
version = ">=3.7.4"

[package.source]
reference = "tuna-tsinghua"
url = "https://mirrors.tuna.tsinghua.edu.cn/pypi/web/simple"

[metadata]
content-hash = "dca3c293ffdd68971988da4dc8ee9e831f04f8c01f50b8e99badbb93fb3f928e"
python-versions = "^3.6"

[metadata.files]
aiohttp = [
    {file = "aiohttp-3.6.2-cp35-cp35m-macosx_10_13_x86_64.whl", hash = "sha256:1e984191d1ec186881ffaed4581092ba04f7c61582a177b187d3a2f07ed9719e"},
    {file = "aiohttp-3.6.2-cp35-cp35m-manylinux1_x86_64.whl", hash = "sha256:50aaad128e6ac62e7bf7bd1f0c0a24bc968a0c0590a726d5a955af193544bcec"},
    {file = "aiohttp-3.6.2-cp36-cp36m-macosx_10_13_x86_64.whl", hash = "sha256:65f31b622af739a802ca6fd1a3076fd0ae523f8485c52924a89561ba10c49b48"},
    {file = "aiohttp-3.6.2-cp36-cp36m-manylinux1_x86_64.whl", hash = "sha256:ae55bac364c405caa23a4f2d6cfecc6a0daada500274ffca4a9230e7129eac59"},
    {file = "aiohttp-3.6.2-cp36-cp36m-win32.whl", hash = "sha256:344c780466b73095a72c616fac5ea9c4665add7fc129f285fbdbca3cccf4612a"},
    {file = "aiohttp-3.6.2-cp36-cp36m-win_amd64.whl", hash = "sha256:4c6efd824d44ae697814a2a85604d8e992b875462c6655da161ff18fd4f29f17"},
    {file = "aiohttp-3.6.2-cp37-cp37m-macosx_10_13_x86_64.whl", hash = "sha256:2f4d1a4fdce595c947162333353d4a44952a724fba9ca3205a3df99a33d1307a"},
    {file = "aiohttp-3.6.2-cp37-cp37m-manylinux1_x86_64.whl", hash = "sha256:6206a135d072f88da3e71cc501c59d5abffa9d0bb43269a6dcd28d66bfafdbdd"},
    {file = "aiohttp-3.6.2-cp37-cp37m-win32.whl", hash = "sha256:b778ce0c909a2653741cb4b1ac7015b5c130ab9c897611df43ae6a58523cb965"},
    {file = "aiohttp-3.6.2-cp37-cp37m-win_amd64.whl", hash = "sha256:32e5f3b7e511aa850829fbe5aa32eb455e5534eaa4b1ce93231d00e2f76e5654"},
    {file = "aiohttp-3.6.2-py3-none-any.whl", hash = "sha256:460bd4237d2dbecc3b5ed57e122992f60188afe46e7319116da5eb8a9dfedba4"},
    {file = "aiohttp-3.6.2.tar.gz", hash = "sha256:259ab809ff0727d0e834ac5e8a283dc5e3e0ecc30c4d80b3cd17a4139ce1f326"},
]
async-timeout = [
    {file = "async-timeout-3.0.1.tar.gz", hash = "sha256:0c3c816a028d47f659d6ff5c745cb2acf1f966da1fe5c19c77a70282b25f4c5f"},
    {file = "async_timeout-3.0.1-py3-none-any.whl", hash = "sha256:4291ca197d287d274d0b6cb5d6f8f8f82d434ed288f962539ff18cc9012f9ea3"},
]
attrs = [
    {file = "attrs-20.2.0-py2.py3-none-any.whl", hash = "sha256:fce7fc47dfc976152e82d53ff92fa0407700c21acd20886a13777a0d20e655dc"},
    {file = "attrs-20.2.0.tar.gz", hash = "sha256:26b54ddbbb9ee1d34d5d3668dd37d6cf74990ab23c828c2888dccdceee395594"},
]
chardet = [
    {file = "chardet-3.0.4-py2.py3-none-any.whl", hash = "sha256:fc323ffcaeaed0e0a02bf4d117757b98aed530d9ed4531e3e15460124c106691"},
    {file = "chardet-3.0.4.tar.gz", hash = "sha256:84ab92ed1c4d4f16916e05906b6b75a6c0fb5db821cc65e70cbd64a3e2a5eaae"},
]
contextvars = [
    {file = "contextvars-2.4.tar.gz", hash = "sha256:f38c908aaa59c14335eeea12abea5f443646216c4e29380d7bf34d2018e2c39e"},
]
croniter = [
    {file = "croniter-0.3.34-py2.py3-none-any.whl", hash = "sha256:15597ef0639f8fbab09cbf8c277fa8c65c8b9dbe818c4b2212f95dbc09c6f287"},
    {file = "croniter-0.3.34.tar.gz", hash = "sha256:7186b9b464f45cf3d3c83a18bc2344cc101d7b9fd35a05f2878437b14967e964"},
]
dataclasses = [
    {file = "dataclasses-0.6-py3-none-any.whl", hash = "sha256:454a69d788c7fda44efd71e259be79577822f5e3f53f029a22d08004e951dc9f"},
    {file = "dataclasses-0.6.tar.gz", hash = "sha256:6988bd2b895eef432d562370bb707d540f32f7360ab13da45340101bc2307d84"},
]
devtools = [
    {file = "devtools-0.5.1-py35.py36-none-any.whl", hash = "sha256:7a1f7db6ade0a71840ca4014d75dd72390aed2ef04e39e2b2445af7b3a3f4679"},
    {file = "devtools-0.5.1.tar.gz", hash = "sha256:51ca8d2e15b8a862875a4837db2bafbc6cda409c069e960aec3f4bbd91fe9c08"},
]
graia-broadcast = [
    {file = "graia-broadcast-0.3.0.tar.gz", hash = "sha256:02a8d5204af1863f000b5902b7c63e93a8e9ebf833d9cf8ce0d1e6b3ff6d2889"},
    {file = "graia_broadcast-0.3.0-py3-none-any.whl", hash = "sha256:f17a052ccf01a7777d13331525fe18840f8841df098d6d2279e7a9f48f4c3213"},
]
graphviz = [
    {file = "graphviz-0.14.1-py2.py3-none-any.whl", hash = "sha256:088562ef6e3dad5e8dde9389caf4a84f768e65dcaa08238cfcdf36d2b30ccf61"},
    {file = "graphviz-0.14.1.zip", hash = "sha256:f5aad52a652c06825dcc5ee018d920fca26aef339386866094597fb3f2f222ce"},
]
idna = [
    {file = "idna-2.10-py2.py3-none-any.whl", hash = "sha256:b97d804b1e9b523befed77c48dacec60e6dcb0b5391d57af6a65a312a90648c0"},
    {file = "idna-2.10.tar.gz", hash = "sha256:b307872f855b18632ce0c21c5e45be78c0ea7ae4c15c828c20788b26921eb3f6"},
]
idna-ssl = [
    {file = "idna-ssl-1.1.0.tar.gz", hash = "sha256:a933e3bb13da54383f9e8f35dc4f9cb9eb9b3b78c6b36f311254d6d0d92c6c7c"},
]
immutables = [
    {file = "immutables-0.14-cp35-cp35m-macosx_10_14_x86_64.whl", hash = "sha256:860666fab142401a5535bf65cbd607b46bc5ed25b9d1eb053ca8ed9a1a1a80d6"},
    {file = "immutables-0.14-cp35-cp35m-manylinux1_x86_64.whl", hash = "sha256:ce01788878827c3f0331c254a4ad8d9721489a5e65cc43e19c80040b46e0d297"},
    {file = "immutables-0.14-cp36-cp36m-macosx_10_14_x86_64.whl", hash = "sha256:8797eed4042f4626b0bc04d9cf134208918eb0c937a8193a2c66df5041e62d2e"},
    {file = "immutables-0.14-cp36-cp36m-manylinux1_x86_64.whl", hash = "sha256:33ce2f977da7b5e0dddd93744862404bdb316ffe5853ec853e53141508fa2e6a"},
    {file = "immutables-0.14-cp36-cp36m-win_amd64.whl", hash = "sha256:6c8eace4d98988c72bcb37c05e79aae756832738305ae9497670482a82db08bc"},
    {file = "immutables-0.14-cp37-cp37m-macosx_10_14_x86_64.whl", hash = "sha256:ab6c18b7b2b2abc83e0edc57b0a38bf0915b271582a1eb8c7bed1c20398f8040"},
    {file = "immutables-0.14-cp37-cp37m-manylinux1_x86_64.whl", hash = "sha256:c099212fd6504513a50e7369fe281007c820cf9d7bb22a336486c63d77d6f0b2"},
    {file = "immutables-0.14-cp37-cp37m-win_amd64.whl", hash = "sha256:714aedbdeba4439d91cb5e5735cb10631fc47a7a69ea9cc8ecbac90322d50a4a"},
    {file = "immutables-0.14-cp38-cp38-macosx_10_14_x86_64.whl", hash = "sha256:1c11050c49e193a1ec9dda1747285333f6ba6a30bbeb2929000b9b1192097ec0"},
    {file = "immutables-0.14-cp38-cp38-manylinux1_x86_64.whl", hash = "sha256:c453e12b95e1d6bb4909e8743f88b7f5c0c97b86a8bc0d73507091cb644e3c1e"},
    {file = "immutables-0.14-cp38-cp38-win_amd64.whl", hash = "sha256:ef9da20ec0f1c5853b5c8f8e3d9e1e15b8d98c259de4b7515d789a606af8745e"},
    {file = "immutables-0.14.tar.gz", hash = "sha256:a0a1cc238b678455145bae291d8426f732f5255537ed6a5b7645949704c70a78"},
]
iterwrapper = [
    {file = "iterwrapper-0.1.4-py3-none-any.whl", hash = "sha256:a3296d81fa2e558734f572617487fb6be3e2af12af2776899dd29d2154ffdba5"},
    {file = "iterwrapper-0.1.4.tar.gz", hash = "sha256:f2dd1e5a55935a0ce151912524de1781d2aa9cb1fda3e2424fb403ff857f63d9"},
]
multidict = [
    {file = "multidict-4.7.6-cp35-cp35m-macosx_10_14_x86_64.whl", hash = "sha256:275ca32383bc5d1894b6975bb4ca6a7ff16ab76fa622967625baeebcf8079000"},
    {file = "multidict-4.7.6-cp35-cp35m-manylinux1_x86_64.whl", hash = "sha256:1ece5a3369835c20ed57adadc663400b5525904e53bae59ec854a5d36b39b21a"},
    {file = "multidict-4.7.6-cp35-cp35m-win32.whl", hash = "sha256:5141c13374e6b25fe6bf092052ab55c0c03d21bd66c94a0e3ae371d3e4d865a5"},
    {file = "multidict-4.7.6-cp35-cp35m-win_amd64.whl", hash = "sha256:9456e90649005ad40558f4cf51dbb842e32807df75146c6d940b6f5abb4a78f3"},
    {file = "multidict-4.7.6-cp36-cp36m-macosx_10_14_x86_64.whl", hash = "sha256:e0d072ae0f2a179c375f67e3da300b47e1a83293c554450b29c900e50afaae87"},
    {file = "multidict-4.7.6-cp36-cp36m-manylinux1_x86_64.whl", hash = "sha256:3750f2205b800aac4bb03b5ae48025a64e474d2c6cc79547988ba1d4122a09e2"},
    {file = "multidict-4.7.6-cp36-cp36m-win32.whl", hash = "sha256:f07acae137b71af3bb548bd8da720956a3bc9f9a0b87733e0899226a2317aeb7"},
    {file = "multidict-4.7.6-cp36-cp36m-win_amd64.whl", hash = "sha256:6513728873f4326999429a8b00fc7ceddb2509b01d5fd3f3be7881a257b8d463"},
    {file = "multidict-4.7.6-cp37-cp37m-macosx_10_14_x86_64.whl", hash = "sha256:feed85993dbdb1dbc29102f50bca65bdc68f2c0c8d352468c25b54874f23c39d"},
    {file = "multidict-4.7.6-cp37-cp37m-manylinux1_x86_64.whl", hash = "sha256:fcfbb44c59af3f8ea984de67ec7c306f618a3ec771c2843804069917a8f2e255"},
    {file = "multidict-4.7.6-cp37-cp37m-win32.whl", hash = "sha256:4538273208e7294b2659b1602490f4ed3ab1c8cf9dbdd817e0e9db8e64be2507"},
    {file = "multidict-4.7.6-cp37-cp37m-win_amd64.whl", hash = "sha256:d14842362ed4cf63751648e7672f7174c9818459d169231d03c56e84daf90b7c"},
    {file = "multidict-4.7.6-cp38-cp38-macosx_10_14_x86_64.whl", hash = "sha256:c026fe9a05130e44157b98fea3ab12969e5b60691a276150db9eda71710cd10b"},
    {file = "multidict-4.7.6-cp38-cp38-manylinux1_x86_64.whl", hash = "sha256:51a4d210404ac61d32dada00a50ea7ba412e6ea945bbe992e4d7a595276d2ec7"},
    {file = "multidict-4.7.6-cp38-cp38-win32.whl", hash = "sha256:5cf311a0f5ef80fe73e4f4c0f0998ec08f954a6ec72b746f3c179e37de1d210d"},
    {file = "multidict-4.7.6-cp38-cp38-win_amd64.whl", hash = "sha256:7388d2ef3c55a8ba80da62ecfafa06a1c097c18032a501ffd4cabbc52d7f2b19"},
    {file = "multidict-4.7.6.tar.gz", hash = "sha256:fbb77a75e529021e7c4a8d4e823d88ef4d23674a202be4f5addffc72cbb91430"},
]
natsort = [
    {file = "natsort-7.0.1-py3-none-any.whl", hash = "sha256:d3fd728a3ceb7c78a59aa8539692a75e37cbfd9b261d4d702e8016639820f90a"},
    {file = "natsort-7.0.1.tar.gz", hash = "sha256:a633464dc3a22b305df0f27abcb3e83515898aa1fd0ed2f9726c3571a27258cf"},
]
objgraph = [
    {file = "objgraph-3.4.1-py2.py3-none-any.whl", hash = "sha256:10d50116d1a66934d143a07308a5b3b3edcc021e1457f66ff792584166cae7cd"},
    {file = "objgraph-3.4.1.tar.gz", hash = "sha256:bf29512d7f8b457b53fa0722ea59f516abb8abc59b78f97f0ef81394a0c615a7"},
]
pydantic = [
    {file = "pydantic-1.6.1-cp36-cp36m-macosx_10_9_x86_64.whl", hash = "sha256:418b84654b60e44c0cdd5384294b0e4bc1ebf42d6e873819424f3b78b8690614"},
    {file = "pydantic-1.6.1-cp36-cp36m-manylinux1_i686.whl", hash = "sha256:4900b8820b687c9a3ed753684337979574df20e6ebe4227381d04b3c3c628f99"},
    {file = "pydantic-1.6.1-cp36-cp36m-manylinux2014_i686.whl", hash = "sha256:b49c86aecde15cde33835d5d6360e55f5e0067bb7143a8303bf03b872935c75b"},
    {file = "pydantic-1.6.1-cp36-cp36m-manylinux2014_x86_64.whl", hash = "sha256:2de562a456c4ecdc80cf1a8c3e70c666625f7d02d89a6174ecf63754c734592e"},
    {file = "pydantic-1.6.1-cp36-cp36m-win_amd64.whl", hash = "sha256:f769141ab0abfadf3305d4fcf36660e5cf568a666dd3efab7c3d4782f70946b1"},
    {file = "pydantic-1.6.1-cp37-cp37m-macosx_10_9_x86_64.whl", hash = "sha256:2dc946b07cf24bee4737ced0ae77e2ea6bc97489ba5a035b603bd1b40ad81f7e"},
    {file = "pydantic-1.6.1-cp37-cp37m-manylinux1_i686.whl", hash = "sha256:36dbf6f1be212ab37b5fda07667461a9219c956181aa5570a00edfb0acdfe4a1"},
    {file = "pydantic-1.6.1-cp37-cp37m-manylinux2014_i686.whl", hash = "sha256:1783c1d927f9e1366e0e0609ae324039b2479a1a282a98ed6a6836c9ed02002c"},
    {file = "pydantic-1.6.1-cp37-cp37m-manylinux2014_x86_64.whl", hash = "sha256:cf3933c98cb5e808b62fae509f74f209730b180b1e3c3954ee3f7949e083a7df"},
    {file = "pydantic-1.6.1-cp37-cp37m-win_amd64.whl", hash = "sha256:f8af9b840a9074e08c0e6dc93101de84ba95df89b267bf7151d74c553d66833b"},
    {file = "pydantic-1.6.1-cp38-cp38-macosx_10_9_x86_64.whl", hash = "sha256:40d765fa2d31d5be8e29c1794657ad46f5ee583a565c83cea56630d3ae5878b9"},
    {file = "pydantic-1.6.1-cp38-cp38-manylinux1_i686.whl", hash = "sha256:3fa799f3cfff3e5f536cbd389368fc96a44bb30308f258c94ee76b73bd60531d"},
    {file = "pydantic-1.6.1-cp38-cp38-manylinux2014_i686.whl", hash = "sha256:6c3f162ba175678218629f446a947e3356415b6b09122dcb364e58c442c645a7"},
    {file = "pydantic-1.6.1-cp38-cp38-manylinux2014_x86_64.whl", hash = "sha256:eb75dc1809875d5738df14b6566ccf9fd9c0bcde4f36b72870f318f16b9f5c20"},
    {file = "pydantic-1.6.1-cp38-cp38-win_amd64.whl", hash = "sha256:530d7222a2786a97bc59ee0e0ebbe23728f82974b1f1ad9a11cd966143410633"},
    {file = "pydantic-1.6.1-py36.py37.py38-none-any.whl", hash = "sha256:b5b3489cb303d0f41ad4a7390cf606a5f2c7a94dcba20c051cd1c653694cb14d"},
    {file = "pydantic-1.6.1.tar.gz", hash = "sha256:54122a8ed6b75fe1dd80797f8251ad2063ea348a03b77218d73ea9fe19bd4e73"},
]
python-dateutil = [
    {file = "python-dateutil-2.8.1.tar.gz", hash = "sha256:73ebfe9dbf22e832286dafa60473e4cd239f8592f699aa5adaf10050e6e1823c"},
    {file = "python_dateutil-2.8.1-py2.py3-none-any.whl", hash = "sha256:75bb3f31ea686f1197762692a9ee6a7550b59fc6ca3a1f4b5d7e32fb98e2da2a"},
]
regex = [
    {file = "regex-2020.9.27-cp27-cp27m-win32.whl", hash = "sha256:d23a18037313714fb3bb5a94434d3151ee4300bae631894b1ac08111abeaa4a3"},
    {file = "regex-2020.9.27-cp27-cp27m-win_amd64.whl", hash = "sha256:84e9407db1b2eb368b7ecc283121b5e592c9aaedbe8c78b1a2f1102eb2e21d19"},
    {file = "regex-2020.9.27-cp36-cp36m-manylinux1_i686.whl", hash = "sha256:5f18875ac23d9aa2f060838e8b79093e8bb2313dbaaa9f54c6d8e52a5df097be"},
    {file = "regex-2020.9.27-cp36-cp36m-manylinux1_x86_64.whl", hash = "sha256:ae91972f8ac958039920ef6e8769277c084971a142ce2b660691793ae44aae6b"},
    {file = "regex-2020.9.27-cp36-cp36m-manylinux2010_i686.whl", hash = "sha256:9a02d0ae31d35e1ec12a4ea4d4cca990800f66a917d0fb997b20fbc13f5321fc"},
    {file = "regex-2020.9.27-cp36-cp36m-manylinux2010_x86_64.whl", hash = "sha256:ebbe29186a3d9b0c591e71b7393f1ae08c83cb2d8e517d2a822b8f7ec99dfd8b"},
    {file = "regex-2020.9.27-cp36-cp36m-win32.whl", hash = "sha256:4707f3695b34335afdfb09be3802c87fa0bc27030471dbc082f815f23688bc63"},
    {file = "regex-2020.9.27-cp36-cp36m-win_amd64.whl", hash = "sha256:9bc13e0d20b97ffb07821aa3e113f9998e84994fe4d159ffa3d3a9d1b805043b"},
    {file = "regex-2020.9.27-cp37-cp37m-manylinux1_i686.whl", hash = "sha256:f1b3afc574a3db3b25c89161059d857bd4909a1269b0b3cb3c904677c8c4a3f7"},
    {file = "regex-2020.9.27-cp37-cp37m-manylinux1_x86_64.whl", hash = "sha256:5533a959a1748a5c042a6da71fe9267a908e21eded7a4f373efd23a2cbdb0ecc"},
    {file = "regex-2020.9.27-cp37-cp37m-manylinux2010_i686.whl", hash = "sha256:1fe0a41437bbd06063aa184c34804efa886bcc128222e9916310c92cd54c3b4c"},
    {file = "regex-2020.9.27-cp37-cp37m-manylinux2010_x86_64.whl", hash = "sha256:c570f6fa14b9c4c8a4924aaad354652366577b4f98213cf76305067144f7b100"},
    {file = "regex-2020.9.27-cp37-cp37m-win32.whl", hash = "sha256:eda4771e0ace7f67f58bc5b560e27fb20f32a148cbc993b0c3835970935c2707"},
    {file = "regex-2020.9.27-cp37-cp37m-win_amd64.whl", hash = "sha256:60b0e9e6dc45683e569ec37c55ac20c582973841927a85f2d8a7d20ee80216ab"},
    {file = "regex-2020.9.27-cp38-cp38-manylinux1_i686.whl", hash = "sha256:088afc8c63e7bd187a3c70a94b9e50ab3f17e1d3f52a32750b5b77dbe99ef5ef"},
    {file = "regex-2020.9.27-cp38-cp38-manylinux1_x86_64.whl", hash = "sha256:eaf548d117b6737df379fdd53bdde4f08870e66d7ea653e230477f071f861121"},
    {file = "regex-2020.9.27-cp38-cp38-manylinux2010_i686.whl", hash = "sha256:41bb65f54bba392643557e617316d0d899ed5b4946dccee1cb6696152b29844b"},
    {file = "regex-2020.9.27-cp38-cp38-manylinux2010_x86_64.whl", hash = "sha256:8d69cef61fa50c8133382e61fd97439de1ae623fe943578e477e76a9d9471637"},
    {file = "regex-2020.9.27-cp38-cp38-win32.whl", hash = "sha256:f2388013e68e750eaa16ccbea62d4130180c26abb1d8e5d584b9baf69672b30f"},
    {file = "regex-2020.9.27-cp38-cp38-win_amd64.whl", hash = "sha256:4318d56bccfe7d43e5addb272406ade7a2274da4b70eb15922a071c58ab0108c"},
    {file = "regex-2020.9.27.tar.gz", hash = "sha256:a6f32aea4260dfe0e55dc9733ea162ea38f0ea86aa7d0f77b15beac5bf7b369d"},
]
six = [
    {file = "six-1.15.0-py2.py3-none-any.whl", hash = "sha256:8b74bedcbbbaca38ff6d7491d76f2b06b3592611af620f8426e82dddb04a5ced"},
    {file = "six-1.15.0.tar.gz", hash = "sha256:30639c035cdb23534cd4aa2dd52c3bf48f06e5f4a941509c8bafd8ce11080259"},
]
typing-extensions = [
    {file = "typing_extensions-3.7.4.3-py2-none-any.whl", hash = "sha256:dafc7639cde7f1b6e1acc0f457842a83e722ccca8eef5270af2d74792619a89f"},
    {file = "typing_extensions-3.7.4.3-py3-none-any.whl", hash = "sha256:7cb407020f00f7bfc3cb3e7881628838e69d8f3fcab2f64742a5e76b2f841918"},
    {file = "typing_extensions-3.7.4.3.tar.gz", hash = "sha256:99d4073b617d30288f569d3f13d2bd7548c3a7e4c8de87db09a9d29bb3a4a60c"},
]
yarl = [
    {file = "yarl-1.6.0-cp35-cp35m-macosx_10_14_x86_64.whl", hash = "sha256:db9eb8307219d7e09b33bcb43287222ef35cbcf1586ba9472b0a4b833666ada1"},
    {file = "yarl-1.6.0-cp35-cp35m-manylinux1_x86_64.whl", hash = "sha256:e31fef4e7b68184545c3d68baec7074532e077bd1906b040ecfba659737df188"},
    {file = "yarl-1.6.0-cp35-cp35m-win32.whl", hash = "sha256:5d84cc36981eb5a8533be79d6c43454c8e6a39ee3118ceaadbd3c029ab2ee580"},
    {file = "yarl-1.6.0-cp35-cp35m-win_amd64.whl", hash = "sha256:5e447e7f3780f44f890360ea973418025e8c0cdcd7d6a1b221d952600fd945dc"},
    {file = "yarl-1.6.0-cp36-cp36m-macosx_10_14_x86_64.whl", hash = "sha256:6f6898429ec3c4cfbef12907047136fd7b9e81a6ee9f105b45505e633427330a"},
    {file = "yarl-1.6.0-cp36-cp36m-manylinux1_x86_64.whl", hash = "sha256:d088ea9319e49273f25b1c96a3763bf19a882cff774d1792ae6fba34bd40550a"},
    {file = "yarl-1.6.0-cp36-cp36m-win32.whl", hash = "sha256:b7c199d2cbaf892ba0f91ed36d12ff41ecd0dde46cbf64ff4bfe997a3ebc925e"},
    {file = "yarl-1.6.0-cp36-cp36m-win_amd64.whl", hash = "sha256:67c5ea0970da882eaf9efcf65b66792557c526f8e55f752194eff8ec722c75c2"},
    {file = "yarl-1.6.0-cp37-cp37m-macosx_10_14_x86_64.whl", hash = "sha256:04a54f126a0732af75e5edc9addeaa2113e2ca7c6fce8974a63549a70a25e50e"},
    {file = "yarl-1.6.0-cp37-cp37m-manylinux1_x86_64.whl", hash = "sha256:fcbe419805c9b20db9a51d33b942feddbf6e7fb468cb20686fd7089d4164c12a"},
    {file = "yarl-1.6.0-cp37-cp37m-win32.whl", hash = "sha256:c604998ab8115db802cc55cb1b91619b2831a6128a62ca7eea577fc8ea4d3131"},
    {file = "yarl-1.6.0-cp37-cp37m-win_amd64.whl", hash = "sha256:c22607421f49c0cb6ff3ed593a49b6a99c6ffdeaaa6c944cdda83c2393c8864d"},
    {file = "yarl-1.6.0-cp38-cp38-macosx_10_14_x86_64.whl", hash = "sha256:7ce35944e8e61927a8f4eb78f5bc5d1e6da6d40eadd77e3f79d4e9399e263921"},
    {file = "yarl-1.6.0-cp38-cp38-manylinux1_x86_64.whl", hash = "sha256:c15d71a640fb1f8e98a1423f9c64d7f1f6a3a168f803042eaf3a5b5022fde0c1"},
    {file = "yarl-1.6.0-cp38-cp38-win32.whl", hash = "sha256:3cc860d72ed989f3b1f3abbd6ecf38e412de722fb38b8f1b1a086315cf0d69c5"},
    {file = "yarl-1.6.0-cp38-cp38-win_amd64.whl", hash = "sha256:e32f0fb443afcfe7f01f95172b66f279938fbc6bdaebe294b0ff6747fb6db020"},
    {file = "yarl-1.6.0.tar.gz", hash = "sha256:61d3ea3c175fe45f1498af868879c6ffeb989d4143ac542163c45538ba5ec21b"},
]
